
Microsoft Visual Studio Solution File, Format Version 12.00
# Visual Studio Version 16
VisualStudioVersion = 16.0.31507.150
MinimumVisualStudioVersion = 10.0.40219.1
Project("{2150E333-8FDC-42A3-9474-1A3956D46DE8}") = "Setup", "Setup", "{DC98E363-87E9-48CD-9C7A-A7BDEC8D73E1}"
EndProject
Project("{2150E333-8FDC-42A3-9474-1A3956D46DE8}") = "UnitTest", "UnitTest", "{88999FFC-3B3E-4F71-ACA9-3150143FBC06}"
EndProject
Project("{2150E333-8FDC-42A3-9474-1A3956D46DE8}") = "Library", "Library", "{7D3C5014-EC8B-4247-9C3C-D5EEF7BB68A0}"
EndProject
Project("{2150E333-8FDC-42A3-9474-1A3956D46DE8}") = "Solution Items", "Solution Items", "{767DB0D5-4CC7-40B1-B877-237D9BFE9207}"
	ProjectSection(SolutionItems) = preProject
		.editorconfig = .editorconfig
	EndProjectSection
EndProject
Project("{9A19103F-16F7-4668-BE54-9A1E7A4F7556}") = "ClassLibraryCSV.Quick", "Library\ClassLibraryCSV.Quick\ClassLibraryCSV.Quick.csproj", "{454F7BBB-245A-4474-88B1-E5D27FCAFDB3}"
EndProject
Project("{2150E333-8FDC-42A3-9474-1A3956D46DE8}") = "dll", "dll", "{FDAD6378-0ACE-4F1B-B161-25EDAF83765C}"
	ProjectSection(SolutionItems) = preProject
		Library\DLL\FastColoredTextBox.Core.dll = Library\DLL\FastColoredTextBox.Core.dll
		Library\DLL\FastColoredTextBox.dll = Library\DLL\FastColoredTextBox.dll
	EndProjectSection
EndProject
Project("{2150E333-8FDC-42A3-9474-1A3956D46DE8}") = "Xamarin", "Xamarin", "{1728C627-6FF1-4090-9468-6D53FBA8EDF1}"
EndProject
Project("{FAE04EC0-301F-11D3-BF4B-00C04F79EFBC}") = "CSVQuickViewer.Xamarin.Android", "Xamarin\CSVQuickViewer.Xamarin\CSVQuickViewer.Xamarin.Android\CSVQuickViewer.Xamarin.Android.csproj", "{D522EA47-6B10-4EFA-814B-BB3945713D42}"
EndProject
Project("{FAE04EC0-301F-11D3-BF4B-00C04F79EFBC}") = "CSVQuickViewer.Xamarin.iOS", "Xamarin\CSVQuickViewer.Xamarin\CSVQuickViewer.Xamarin.iOS\CSVQuickViewer.Xamarin.iOS.csproj", "{238E57E3-F116-410F-B161-3E459E9835AE}"
EndProject
Project("{9A19103F-16F7-4668-BE54-9A1E7A4F7556}") = "CSVQuickViewer.Xamarin", "Xamarin\CSVQuickViewer.Xamarin\CSVQuickViewer.Xamarin\CSVQuickViewer.Xamarin.csproj", "{964E1635-5242-471B-93D5-040AB148CAC3}"
EndProject
Project("{9344BDBB-3E7F-41FC-A0DD-8665D75EE146}") = "CSVQuickViewer_MSI", "Setup\CSVQuickViewer_MSI.wixproj", "{E7A862B8-5A45-47FD-9A91-D909A08BE783}"
EndProject
Project("{9A19103F-16F7-4668-BE54-9A1E7A4F7556}") = "ClassLibraryCSVUnitTest", "UnitTest\ClassLibraryCSVUnitTest\ClassLibraryCSVUnitTest.csproj", "{333C01D0-3A86-451A-AB26-73C395F83600}"
EndProject
Project("{9A19103F-16F7-4668-BE54-9A1E7A4F7556}") = "CSVQuickViewerUnitTest", "UnitTest\CSVQuickViewerUnitTest\CSVQuickViewerUnitTest.csproj", "{5D00F9EC-31D2-4F4E-8D05-F98FD36915A9}"
EndProject
Project("{9A19103F-16F7-4668-BE54-9A1E7A4F7556}") = "WinFormControlsUnitTest", "UnitTest\WinFormControlsUnitTest\WinFormControlsUnitTest.csproj", "{AA7178C8-C46D-47EC-A589-EF21141C7F1F}"
EndProject
Project("{9A19103F-16F7-4668-BE54-9A1E7A4F7556}") = "UnitTestBasic", "UnitTest\UnitTestBasic\UnitTestBasic.csproj", "{4BA34C2E-49A4-4659-A461-D41D5465ECEF}"
EndProject
Project("{9A19103F-16F7-4668-BE54-9A1E7A4F7556}") = "ClassLibraryCSV", "Library\ClassLibraryCSV\ClassLibraryCSV.csproj", "{45743EE3-F753-42FC-A721-99CCB44B8A7A}"
EndProject
Project("{9A19103F-16F7-4668-BE54-9A1E7A4F7556}") = "WinFormControls", "Library\WinFormControls\WinFormControls.csproj", "{B0E0095C-2E55-4067-8444-C88213B98F37}"
EndProject
Project("{9A19103F-16F7-4668-BE54-9A1E7A4F7556}") = "CSVQuickViewer", "Application\CSVQuickViewer.csproj", "{C07F9282-7816-4B22-8B1E-F7AA0812ED67}"
EndProject
Project("{FAE04EC0-301F-11D3-BF4B-00C04F79EFBC}") = "CSVQuickViewer.Xamarin.UWP", "Xamarin\CSVQuickViewer.Xamarin\CSVQuickViewer.Xamarin.UWP\CSVQuickViewer.Xamarin.UWP.csproj", "{A09BE6C9-1653-4F09-857C-3B784B9B92AF}"
EndProject
Global
	GlobalSection(SolutionConfigurationPlatforms) = preSolution
		Debug|Any CPU = Debug|Any CPU
		Debug|ARM = Debug|ARM
		Debug|iPhone = Debug|iPhone
		Debug|iPhoneSimulator = Debug|iPhoneSimulator
		Debug|x64 = Debug|x64
		Debug|x86 = Debug|x86
		Release|Any CPU = Release|Any CPU
		Release|ARM = Release|ARM
		Release|iPhone = Release|iPhone
		Release|iPhoneSimulator = Release|iPhoneSimulator
		Release|x64 = Release|x64
		Release|x86 = Release|x86
	EndGlobalSection
	GlobalSection(ProjectConfigurationPlatforms) = postSolution
		{454F7BBB-245A-4474-88B1-E5D27FCAFDB3}.Debug|Any CPU.ActiveCfg = Debug|Any CPU
		{454F7BBB-245A-4474-88B1-E5D27FCAFDB3}.Debug|Any CPU.Build.0 = Debug|Any CPU
		{454F7BBB-245A-4474-88B1-E5D27FCAFDB3}.Debug|ARM.ActiveCfg = Debug|Any CPU
		{454F7BBB-245A-4474-88B1-E5D27FCAFDB3}.Debug|ARM.Build.0 = Debug|Any CPU
		{454F7BBB-245A-4474-88B1-E5D27FCAFDB3}.Debug|iPhone.ActiveCfg = Debug|Any CPU
		{454F7BBB-245A-4474-88B1-E5D27FCAFDB3}.Debug|iPhone.Build.0 = Debug|Any CPU
		{454F7BBB-245A-4474-88B1-E5D27FCAFDB3}.Debug|iPhoneSimulator.ActiveCfg = Debug|Any CPU
		{454F7BBB-245A-4474-88B1-E5D27FCAFDB3}.Debug|iPhoneSimulator.Build.0 = Debug|Any CPU
		{454F7BBB-245A-4474-88B1-E5D27FCAFDB3}.Debug|x64.ActiveCfg = Debug|Any CPU
		{454F7BBB-245A-4474-88B1-E5D27FCAFDB3}.Debug|x64.Build.0 = Debug|Any CPU
		{454F7BBB-245A-4474-88B1-E5D27FCAFDB3}.Debug|x86.ActiveCfg = Debug|Any CPU
		{454F7BBB-245A-4474-88B1-E5D27FCAFDB3}.Debug|x86.Build.0 = Debug|Any CPU
		{454F7BBB-245A-4474-88B1-E5D27FCAFDB3}.Release|Any CPU.ActiveCfg = Release|Any CPU
		{454F7BBB-245A-4474-88B1-E5D27FCAFDB3}.Release|Any CPU.Build.0 = Release|Any CPU
		{454F7BBB-245A-4474-88B1-E5D27FCAFDB3}.Release|ARM.ActiveCfg = Release|Any CPU
		{454F7BBB-245A-4474-88B1-E5D27FCAFDB3}.Release|ARM.Build.0 = Release|Any CPU
		{454F7BBB-245A-4474-88B1-E5D27FCAFDB3}.Release|iPhone.ActiveCfg = Release|Any CPU
		{454F7BBB-245A-4474-88B1-E5D27FCAFDB3}.Release|iPhone.Build.0 = Release|Any CPU
		{454F7BBB-245A-4474-88B1-E5D27FCAFDB3}.Release|iPhoneSimulator.ActiveCfg = Release|Any CPU
		{454F7BBB-245A-4474-88B1-E5D27FCAFDB3}.Release|iPhoneSimulator.Build.0 = Release|Any CPU
		{454F7BBB-245A-4474-88B1-E5D27FCAFDB3}.Release|x64.ActiveCfg = Release|Any CPU
		{454F7BBB-245A-4474-88B1-E5D27FCAFDB3}.Release|x64.Build.0 = Release|Any CPU
		{454F7BBB-245A-4474-88B1-E5D27FCAFDB3}.Release|x86.ActiveCfg = Release|Any CPU
		{454F7BBB-245A-4474-88B1-E5D27FCAFDB3}.Release|x86.Build.0 = Release|Any CPU
		{D522EA47-6B10-4EFA-814B-BB3945713D42}.Debug|Any CPU.ActiveCfg = Debug|Any CPU
		{D522EA47-6B10-4EFA-814B-BB3945713D42}.Debug|Any CPU.Build.0 = Debug|Any CPU
		{D522EA47-6B10-4EFA-814B-BB3945713D42}.Debug|Any CPU.Deploy.0 = Debug|Any CPU
		{D522EA47-6B10-4EFA-814B-BB3945713D42}.Debug|ARM.ActiveCfg = Debug|Any CPU
		{D522EA47-6B10-4EFA-814B-BB3945713D42}.Debug|ARM.Build.0 = Debug|Any CPU
		{D522EA47-6B10-4EFA-814B-BB3945713D42}.Debug|ARM.Deploy.0 = Debug|Any CPU
		{D522EA47-6B10-4EFA-814B-BB3945713D42}.Debug|iPhone.ActiveCfg = Debug|Any CPU
		{D522EA47-6B10-4EFA-814B-BB3945713D42}.Debug|iPhone.Build.0 = Debug|Any CPU
		{D522EA47-6B10-4EFA-814B-BB3945713D42}.Debug|iPhone.Deploy.0 = Debug|Any CPU
		{D522EA47-6B10-4EFA-814B-BB3945713D42}.Debug|iPhoneSimulator.ActiveCfg = Debug|Any CPU
		{D522EA47-6B10-4EFA-814B-BB3945713D42}.Debug|iPhoneSimulator.Build.0 = Debug|Any CPU
		{D522EA47-6B10-4EFA-814B-BB3945713D42}.Debug|iPhoneSimulator.Deploy.0 = Debug|Any CPU
		{D522EA47-6B10-4EFA-814B-BB3945713D42}.Debug|x64.ActiveCfg = Debug|Any CPU
		{D522EA47-6B10-4EFA-814B-BB3945713D42}.Debug|x64.Build.0 = Debug|Any CPU
		{D522EA47-6B10-4EFA-814B-BB3945713D42}.Debug|x64.Deploy.0 = Debug|Any CPU
		{D522EA47-6B10-4EFA-814B-BB3945713D42}.Debug|x86.ActiveCfg = Debug|Any CPU
		{D522EA47-6B10-4EFA-814B-BB3945713D42}.Debug|x86.Build.0 = Debug|Any CPU
		{D522EA47-6B10-4EFA-814B-BB3945713D42}.Debug|x86.Deploy.0 = Debug|Any CPU
		{D522EA47-6B10-4EFA-814B-BB3945713D42}.Release|Any CPU.ActiveCfg = Release|Any CPU
		{D522EA47-6B10-4EFA-814B-BB3945713D42}.Release|Any CPU.Build.0 = Release|Any CPU
		{D522EA47-6B10-4EFA-814B-BB3945713D42}.Release|Any CPU.Deploy.0 = Release|Any CPU
		{D522EA47-6B10-4EFA-814B-BB3945713D42}.Release|ARM.ActiveCfg = Release|Any CPU
		{D522EA47-6B10-4EFA-814B-BB3945713D42}.Release|ARM.Build.0 = Release|Any CPU
		{D522EA47-6B10-4EFA-814B-BB3945713D42}.Release|ARM.Deploy.0 = Release|Any CPU
		{D522EA47-6B10-4EFA-814B-BB3945713D42}.Release|iPhone.ActiveCfg = Release|Any CPU
		{D522EA47-6B10-4EFA-814B-BB3945713D42}.Release|iPhone.Build.0 = Release|Any CPU
		{D522EA47-6B10-4EFA-814B-BB3945713D42}.Release|iPhone.Deploy.0 = Release|Any CPU
		{D522EA47-6B10-4EFA-814B-BB3945713D42}.Release|iPhoneSimulator.ActiveCfg = Release|Any CPU
		{D522EA47-6B10-4EFA-814B-BB3945713D42}.Release|iPhoneSimulator.Build.0 = Release|Any CPU
		{D522EA47-6B10-4EFA-814B-BB3945713D42}.Release|iPhoneSimulator.Deploy.0 = Release|Any CPU
		{D522EA47-6B10-4EFA-814B-BB3945713D42}.Release|x64.ActiveCfg = Release|Any CPU
		{D522EA47-6B10-4EFA-814B-BB3945713D42}.Release|x64.Build.0 = Release|Any CPU
		{D522EA47-6B10-4EFA-814B-BB3945713D42}.Release|x64.Deploy.0 = Release|Any CPU
		{D522EA47-6B10-4EFA-814B-BB3945713D42}.Release|x86.ActiveCfg = Release|Any CPU
		{D522EA47-6B10-4EFA-814B-BB3945713D42}.Release|x86.Build.0 = Release|Any CPU
		{D522EA47-6B10-4EFA-814B-BB3945713D42}.Release|x86.Deploy.0 = Release|Any CPU
		{238E57E3-F116-410F-B161-3E459E9835AE}.Debug|Any CPU.ActiveCfg = Debug|iPhoneSimulator
		{238E57E3-F116-410F-B161-3E459E9835AE}.Debug|Any CPU.Build.0 = Debug|iPhoneSimulator
		{238E57E3-F116-410F-B161-3E459E9835AE}.Debug|ARM.ActiveCfg = Debug|iPhoneSimulator
		{238E57E3-F116-410F-B161-3E459E9835AE}.Debug|iPhone.ActiveCfg = Debug|iPhone
		{238E57E3-F116-410F-B161-3E459E9835AE}.Debug|iPhone.Build.0 = Debug|iPhone
		{238E57E3-F116-410F-B161-3E459E9835AE}.Debug|iPhoneSimulator.ActiveCfg = Debug|iPhoneSimulator
		{238E57E3-F116-410F-B161-3E459E9835AE}.Debug|iPhoneSimulator.Build.0 = Debug|iPhoneSimulator
		{238E57E3-F116-410F-B161-3E459E9835AE}.Debug|x64.ActiveCfg = Debug|iPhoneSimulator
		{238E57E3-F116-410F-B161-3E459E9835AE}.Debug|x86.ActiveCfg = Debug|iPhoneSimulator
		{238E57E3-F116-410F-B161-3E459E9835AE}.Release|Any CPU.ActiveCfg = Release|iPhoneSimulator
		{238E57E3-F116-410F-B161-3E459E9835AE}.Release|ARM.ActiveCfg = Release|iPhoneSimulator
		{238E57E3-F116-410F-B161-3E459E9835AE}.Release|iPhone.ActiveCfg = Release|iPhone
		{238E57E3-F116-410F-B161-3E459E9835AE}.Release|iPhone.Build.0 = Release|iPhone
		{238E57E3-F116-410F-B161-3E459E9835AE}.Release|iPhoneSimulator.ActiveCfg = Release|iPhoneSimulator
		{238E57E3-F116-410F-B161-3E459E9835AE}.Release|iPhoneSimulator.Build.0 = Release|iPhoneSimulator
		{238E57E3-F116-410F-B161-3E459E9835AE}.Release|x64.ActiveCfg = Release|iPhoneSimulator
		{238E57E3-F116-410F-B161-3E459E9835AE}.Release|x86.ActiveCfg = Release|iPhoneSimulator
		{964E1635-5242-471B-93D5-040AB148CAC3}.Debug|Any CPU.ActiveCfg = Debug|Any CPU
		{964E1635-5242-471B-93D5-040AB148CAC3}.Debug|Any CPU.Build.0 = Debug|Any CPU
		{964E1635-5242-471B-93D5-040AB148CAC3}.Debug|ARM.ActiveCfg = Debug|Any CPU
		{964E1635-5242-471B-93D5-040AB148CAC3}.Debug|ARM.Build.0 = Debug|Any CPU
		{964E1635-5242-471B-93D5-040AB148CAC3}.Debug|iPhone.ActiveCfg = Debug|Any CPU
		{964E1635-5242-471B-93D5-040AB148CAC3}.Debug|iPhone.Build.0 = Debug|Any CPU
		{964E1635-5242-471B-93D5-040AB148CAC3}.Debug|iPhoneSimulator.ActiveCfg = Debug|Any CPU
		{964E1635-5242-471B-93D5-040AB148CAC3}.Debug|iPhoneSimulator.Build.0 = Debug|Any CPU
		{964E1635-5242-471B-93D5-040AB148CAC3}.Debug|x64.ActiveCfg = Debug|Any CPU
		{964E1635-5242-471B-93D5-040AB148CAC3}.Debug|x64.Build.0 = Debug|Any CPU
		{964E1635-5242-471B-93D5-040AB148CAC3}.Debug|x86.ActiveCfg = Debug|Any CPU
		{964E1635-5242-471B-93D5-040AB148CAC3}.Debug|x86.Build.0 = Debug|Any CPU
		{964E1635-5242-471B-93D5-040AB148CAC3}.Release|Any CPU.ActiveCfg = Release|Any CPU
		{964E1635-5242-471B-93D5-040AB148CAC3}.Release|Any CPU.Build.0 = Release|Any CPU
		{964E1635-5242-471B-93D5-040AB148CAC3}.Release|ARM.ActiveCfg = Release|Any CPU
		{964E1635-5242-471B-93D5-040AB148CAC3}.Release|ARM.Build.0 = Release|Any CPU
		{964E1635-5242-471B-93D5-040AB148CAC3}.Release|iPhone.ActiveCfg = Release|Any CPU
		{964E1635-5242-471B-93D5-040AB148CAC3}.Release|iPhone.Build.0 = Release|Any CPU
		{964E1635-5242-471B-93D5-040AB148CAC3}.Release|iPhoneSimulator.ActiveCfg = Release|Any CPU
		{964E1635-5242-471B-93D5-040AB148CAC3}.Release|iPhoneSimulator.Build.0 = Release|Any CPU
		{964E1635-5242-471B-93D5-040AB148CAC3}.Release|x64.ActiveCfg = Release|Any CPU
		{964E1635-5242-471B-93D5-040AB148CAC3}.Release|x64.Build.0 = Release|Any CPU
		{964E1635-5242-471B-93D5-040AB148CAC3}.Release|x86.ActiveCfg = Release|Any CPU
		{964E1635-5242-471B-93D5-040AB148CAC3}.Release|x86.Build.0 = Release|Any CPU
		{E7A862B8-5A45-47FD-9A91-D909A08BE783}.Debug|Any CPU.ActiveCfg = Debug|x86
		{E7A862B8-5A45-47FD-9A91-D909A08BE783}.Debug|ARM.ActiveCfg = Debug|x86
		{E7A862B8-5A45-47FD-9A91-D909A08BE783}.Debug|iPhone.ActiveCfg = Debug|x86
		{E7A862B8-5A45-47FD-9A91-D909A08BE783}.Debug|iPhoneSimulator.ActiveCfg = Debug|x86
		{E7A862B8-5A45-47FD-9A91-D909A08BE783}.Debug|x64.ActiveCfg = Debug|x86
		{E7A862B8-5A45-47FD-9A91-D909A08BE783}.Debug|x86.ActiveCfg = Debug|x86
		{E7A862B8-5A45-47FD-9A91-D909A08BE783}.Release|Any CPU.ActiveCfg = Release|x86
		{E7A862B8-5A45-47FD-9A91-D909A08BE783}.Release|ARM.ActiveCfg = Release|x86
		{E7A862B8-5A45-47FD-9A91-D909A08BE783}.Release|iPhone.ActiveCfg = Release|x86
		{E7A862B8-5A45-47FD-9A91-D909A08BE783}.Release|iPhoneSimulator.ActiveCfg = Release|x86
		{E7A862B8-5A45-47FD-9A91-D909A08BE783}.Release|x64.ActiveCfg = Release|x86
		{E7A862B8-5A45-47FD-9A91-D909A08BE783}.Release|x86.ActiveCfg = Release|x86
		{333C01D0-3A86-451A-AB26-73C395F83600}.Debug|Any CPU.ActiveCfg = Debug|Any CPU
		{333C01D0-3A86-451A-AB26-73C395F83600}.Debug|Any CPU.Build.0 = Debug|Any CPU
		{333C01D0-3A86-451A-AB26-73C395F83600}.Debug|ARM.ActiveCfg = Debug|Any CPU
		{333C01D0-3A86-451A-AB26-73C395F83600}.Debug|ARM.Build.0 = Debug|Any CPU
		{333C01D0-3A86-451A-AB26-73C395F83600}.Debug|iPhone.ActiveCfg = Debug|Any CPU
		{333C01D0-3A86-451A-AB26-73C395F83600}.Debug|iPhone.Build.0 = Debug|Any CPU
		{333C01D0-3A86-451A-AB26-73C395F83600}.Debug|iPhoneSimulator.ActiveCfg = Debug|Any CPU
		{333C01D0-3A86-451A-AB26-73C395F83600}.Debug|iPhoneSimulator.Build.0 = Debug|Any CPU
		{333C01D0-3A86-451A-AB26-73C395F83600}.Debug|x64.ActiveCfg = Debug|Any CPU
		{333C01D0-3A86-451A-AB26-73C395F83600}.Debug|x64.Build.0 = Debug|Any CPU
		{333C01D0-3A86-451A-AB26-73C395F83600}.Debug|x86.ActiveCfg = Debug|Any CPU
		{333C01D0-3A86-451A-AB26-73C395F83600}.Debug|x86.Build.0 = Debug|Any CPU
		{333C01D0-3A86-451A-AB26-73C395F83600}.Release|Any CPU.ActiveCfg = Release|Any CPU
		{333C01D0-3A86-451A-AB26-73C395F83600}.Release|Any CPU.Build.0 = Release|Any CPU
		{333C01D0-3A86-451A-AB26-73C395F83600}.Release|ARM.ActiveCfg = Release|Any CPU
		{333C01D0-3A86-451A-AB26-73C395F83600}.Release|ARM.Build.0 = Release|Any CPU
		{333C01D0-3A86-451A-AB26-73C395F83600}.Release|iPhone.ActiveCfg = Release|Any CPU
		{333C01D0-3A86-451A-AB26-73C395F83600}.Release|iPhone.Build.0 = Release|Any CPU
		{333C01D0-3A86-451A-AB26-73C395F83600}.Release|iPhoneSimulator.ActiveCfg = Release|Any CPU
		{333C01D0-3A86-451A-AB26-73C395F83600}.Release|iPhoneSimulator.Build.0 = Release|Any CPU
		{333C01D0-3A86-451A-AB26-73C395F83600}.Release|x64.ActiveCfg = Release|Any CPU
		{333C01D0-3A86-451A-AB26-73C395F83600}.Release|x64.Build.0 = Release|Any CPU
		{333C01D0-3A86-451A-AB26-73C395F83600}.Release|x86.ActiveCfg = Release|Any CPU
		{333C01D0-3A86-451A-AB26-73C395F83600}.Release|x86.Build.0 = Release|Any CPU
		{5D00F9EC-31D2-4F4E-8D05-F98FD36915A9}.Debug|Any CPU.ActiveCfg = Debug|Any CPU
		{5D00F9EC-31D2-4F4E-8D05-F98FD36915A9}.Debug|Any CPU.Build.0 = Debug|Any CPU
		{5D00F9EC-31D2-4F4E-8D05-F98FD36915A9}.Debug|ARM.ActiveCfg = Debug|Any CPU
		{5D00F9EC-31D2-4F4E-8D05-F98FD36915A9}.Debug|ARM.Build.0 = Debug|Any CPU
		{5D00F9EC-31D2-4F4E-8D05-F98FD36915A9}.Debug|iPhone.ActiveCfg = Debug|Any CPU
		{5D00F9EC-31D2-4F4E-8D05-F98FD36915A9}.Debug|iPhone.Build.0 = Debug|Any CPU
		{5D00F9EC-31D2-4F4E-8D05-F98FD36915A9}.Debug|iPhoneSimulator.ActiveCfg = Debug|Any CPU
		{5D00F9EC-31D2-4F4E-8D05-F98FD36915A9}.Debug|iPhoneSimulator.Build.0 = Debug|Any CPU
		{5D00F9EC-31D2-4F4E-8D05-F98FD36915A9}.Debug|x64.ActiveCfg = Debug|Any CPU
		{5D00F9EC-31D2-4F4E-8D05-F98FD36915A9}.Debug|x64.Build.0 = Debug|Any CPU
		{5D00F9EC-31D2-4F4E-8D05-F98FD36915A9}.Debug|x86.ActiveCfg = Debug|Any CPU
		{5D00F9EC-31D2-4F4E-8D05-F98FD36915A9}.Debug|x86.Build.0 = Debug|Any CPU
		{5D00F9EC-31D2-4F4E-8D05-F98FD36915A9}.Release|Any CPU.ActiveCfg = Release|Any CPU
		{5D00F9EC-31D2-4F4E-8D05-F98FD36915A9}.Release|Any CPU.Build.0 = Release|Any CPU
		{5D00F9EC-31D2-4F4E-8D05-F98FD36915A9}.Release|ARM.ActiveCfg = Release|Any CPU
		{5D00F9EC-31D2-4F4E-8D05-F98FD36915A9}.Release|ARM.Build.0 = Release|Any CPU
		{5D00F9EC-31D2-4F4E-8D05-F98FD36915A9}.Release|iPhone.ActiveCfg = Release|Any CPU
		{5D00F9EC-31D2-4F4E-8D05-F98FD36915A9}.Release|iPhone.Build.0 = Release|Any CPU
		{5D00F9EC-31D2-4F4E-8D05-F98FD36915A9}.Release|iPhoneSimulator.ActiveCfg = Release|Any CPU
		{5D00F9EC-31D2-4F4E-8D05-F98FD36915A9}.Release|iPhoneSimulator.Build.0 = Release|Any CPU
		{5D00F9EC-31D2-4F4E-8D05-F98FD36915A9}.Release|x64.ActiveCfg = Release|Any CPU
		{5D00F9EC-31D2-4F4E-8D05-F98FD36915A9}.Release|x64.Build.0 = Release|Any CPU
		{5D00F9EC-31D2-4F4E-8D05-F98FD36915A9}.Release|x86.ActiveCfg = Release|Any CPU
		{5D00F9EC-31D2-4F4E-8D05-F98FD36915A9}.Release|x86.Build.0 = Release|Any CPU
		{AA7178C8-C46D-47EC-A589-EF21141C7F1F}.Debug|Any CPU.ActiveCfg = Debug|Any CPU
		{AA7178C8-C46D-47EC-A589-EF21141C7F1F}.Debug|Any CPU.Build.0 = Debug|Any CPU
		{AA7178C8-C46D-47EC-A589-EF21141C7F1F}.Debug|ARM.ActiveCfg = Debug|Any CPU
		{AA7178C8-C46D-47EC-A589-EF21141C7F1F}.Debug|ARM.Build.0 = Debug|Any CPU
		{AA7178C8-C46D-47EC-A589-EF21141C7F1F}.Debug|iPhone.ActiveCfg = Debug|Any CPU
		{AA7178C8-C46D-47EC-A589-EF21141C7F1F}.Debug|iPhone.Build.0 = Debug|Any CPU
		{AA7178C8-C46D-47EC-A589-EF21141C7F1F}.Debug|iPhoneSimulator.ActiveCfg = Debug|Any CPU
		{AA7178C8-C46D-47EC-A589-EF21141C7F1F}.Debug|iPhoneSimulator.Build.0 = Debug|Any CPU
		{AA7178C8-C46D-47EC-A589-EF21141C7F1F}.Debug|x64.ActiveCfg = Debug|Any CPU
		{AA7178C8-C46D-47EC-A589-EF21141C7F1F}.Debug|x64.Build.0 = Debug|Any CPU
		{AA7178C8-C46D-47EC-A589-EF21141C7F1F}.Debug|x86.ActiveCfg = Debug|Any CPU
		{AA7178C8-C46D-47EC-A589-EF21141C7F1F}.Debug|x86.Build.0 = Debug|Any CPU
		{AA7178C8-C46D-47EC-A589-EF21141C7F1F}.Release|Any CPU.ActiveCfg = Release|Any CPU
		{AA7178C8-C46D-47EC-A589-EF21141C7F1F}.Release|Any CPU.Build.0 = Release|Any CPU
		{AA7178C8-C46D-47EC-A589-EF21141C7F1F}.Release|ARM.ActiveCfg = Release|Any CPU
		{AA7178C8-C46D-47EC-A589-EF21141C7F1F}.Release|ARM.Build.0 = Release|Any CPU
		{AA7178C8-C46D-47EC-A589-EF21141C7F1F}.Release|iPhone.ActiveCfg = Release|Any CPU
		{AA7178C8-C46D-47EC-A589-EF21141C7F1F}.Release|iPhone.Build.0 = Release|Any CPU
		{AA7178C8-C46D-47EC-A589-EF21141C7F1F}.Release|iPhoneSimulator.ActiveCfg = Release|Any CPU
		{AA7178C8-C46D-47EC-A589-EF21141C7F1F}.Release|iPhoneSimulator.Build.0 = Release|Any CPU
		{AA7178C8-C46D-47EC-A589-EF21141C7F1F}.Release|x64.ActiveCfg = Release|Any CPU
		{AA7178C8-C46D-47EC-A589-EF21141C7F1F}.Release|x64.Build.0 = Release|Any CPU
		{AA7178C8-C46D-47EC-A589-EF21141C7F1F}.Release|x86.ActiveCfg = Release|Any CPU
		{AA7178C8-C46D-47EC-A589-EF21141C7F1F}.Release|x86.Build.0 = Release|Any CPU
		{4BA34C2E-49A4-4659-A461-D41D5465ECEF}.Debug|Any CPU.ActiveCfg = Debug|Any CPU
		{4BA34C2E-49A4-4659-A461-D41D5465ECEF}.Debug|Any CPU.Build.0 = Debug|Any CPU
		{4BA34C2E-49A4-4659-A461-D41D5465ECEF}.Debug|ARM.ActiveCfg = Debug|Any CPU
		{4BA34C2E-49A4-4659-A461-D41D5465ECEF}.Debug|ARM.Build.0 = Debug|Any CPU
		{4BA34C2E-49A4-4659-A461-D41D5465ECEF}.Debug|iPhone.ActiveCfg = Debug|Any CPU
		{4BA34C2E-49A4-4659-A461-D41D5465ECEF}.Debug|iPhone.Build.0 = Debug|Any CPU
		{4BA34C2E-49A4-4659-A461-D41D5465ECEF}.Debug|iPhoneSimulator.ActiveCfg = Debug|Any CPU
		{4BA34C2E-49A4-4659-A461-D41D5465ECEF}.Debug|iPhoneSimulator.Build.0 = Debug|Any CPU
		{4BA34C2E-49A4-4659-A461-D41D5465ECEF}.Debug|x64.ActiveCfg = Debug|Any CPU
		{4BA34C2E-49A4-4659-A461-D41D5465ECEF}.Debug|x64.Build.0 = Debug|Any CPU
		{4BA34C2E-49A4-4659-A461-D41D5465ECEF}.Debug|x86.ActiveCfg = Debug|Any CPU
		{4BA34C2E-49A4-4659-A461-D41D5465ECEF}.Debug|x86.Build.0 = Debug|Any CPU
		{4BA34C2E-49A4-4659-A461-D41D5465ECEF}.Release|Any CPU.ActiveCfg = Release|Any CPU
		{4BA34C2E-49A4-4659-A461-D41D5465ECEF}.Release|Any CPU.Build.0 = Release|Any CPU
		{4BA34C2E-49A4-4659-A461-D41D5465ECEF}.Release|ARM.ActiveCfg = Release|Any CPU
		{4BA34C2E-49A4-4659-A461-D41D5465ECEF}.Release|ARM.Build.0 = Release|Any CPU
		{4BA34C2E-49A4-4659-A461-D41D5465ECEF}.Release|iPhone.ActiveCfg = Release|Any CPU
		{4BA34C2E-49A4-4659-A461-D41D5465ECEF}.Release|iPhone.Build.0 = Release|Any CPU
		{4BA34C2E-49A4-4659-A461-D41D5465ECEF}.Release|iPhoneSimulator.ActiveCfg = Release|Any CPU
		{4BA34C2E-49A4-4659-A461-D41D5465ECEF}.Release|iPhoneSimulator.Build.0 = Release|Any CPU
		{4BA34C2E-49A4-4659-A461-D41D5465ECEF}.Release|x64.ActiveCfg = Release|Any CPU
		{4BA34C2E-49A4-4659-A461-D41D5465ECEF}.Release|x64.Build.0 = Release|Any CPU
		{4BA34C2E-49A4-4659-A461-D41D5465ECEF}.Release|x86.ActiveCfg = Release|Any CPU
		{4BA34C2E-49A4-4659-A461-D41D5465ECEF}.Release|x86.Build.0 = Release|Any CPU
		{45743EE3-F753-42FC-A721-99CCB44B8A7A}.Debug|Any CPU.ActiveCfg = Debug|Any CPU
		{45743EE3-F753-42FC-A721-99CCB44B8A7A}.Debug|Any CPU.Build.0 = Debug|Any CPU
		{45743EE3-F753-42FC-A721-99CCB44B8A7A}.Debug|ARM.ActiveCfg = Debug|Any CPU
		{45743EE3-F753-42FC-A721-99CCB44B8A7A}.Debug|ARM.Build.0 = Debug|Any CPU
		{45743EE3-F753-42FC-A721-99CCB44B8A7A}.Debug|iPhone.ActiveCfg = Debug|Any CPU
		{45743EE3-F753-42FC-A721-99CCB44B8A7A}.Debug|iPhone.Build.0 = Debug|Any CPU
		{45743EE3-F753-42FC-A721-99CCB44B8A7A}.Debug|iPhoneSimulator.ActiveCfg = Debug|Any CPU
		{45743EE3-F753-42FC-A721-99CCB44B8A7A}.Debug|iPhoneSimulator.Build.0 = Debug|Any CPU
		{45743EE3-F753-42FC-A721-99CCB44B8A7A}.Debug|x64.ActiveCfg = Debug|Any CPU
		{45743EE3-F753-42FC-A721-99CCB44B8A7A}.Debug|x64.Build.0 = Debug|Any CPU
		{45743EE3-F753-42FC-A721-99CCB44B8A7A}.Debug|x86.ActiveCfg = Debug|Any CPU
		{45743EE3-F753-42FC-A721-99CCB44B8A7A}.Debug|x86.Build.0 = Debug|Any CPU
		{45743EE3-F753-42FC-A721-99CCB44B8A7A}.Release|Any CPU.ActiveCfg = Release|Any CPU
		{45743EE3-F753-42FC-A721-99CCB44B8A7A}.Release|Any CPU.Build.0 = Release|Any CPU
		{45743EE3-F753-42FC-A721-99CCB44B8A7A}.Release|ARM.ActiveCfg = Release|Any CPU
		{45743EE3-F753-42FC-A721-99CCB44B8A7A}.Release|ARM.Build.0 = Release|Any CPU
		{45743EE3-F753-42FC-A721-99CCB44B8A7A}.Release|iPhone.ActiveCfg = Release|Any CPU
		{45743EE3-F753-42FC-A721-99CCB44B8A7A}.Release|iPhone.Build.0 = Release|Any CPU
		{45743EE3-F753-42FC-A721-99CCB44B8A7A}.Release|iPhoneSimulator.ActiveCfg = Release|Any CPU
		{45743EE3-F753-42FC-A721-99CCB44B8A7A}.Release|iPhoneSimulator.Build.0 = Release|Any CPU
		{45743EE3-F753-42FC-A721-99CCB44B8A7A}.Release|x64.ActiveCfg = Release|Any CPU
		{45743EE3-F753-42FC-A721-99CCB44B8A7A}.Release|x64.Build.0 = Release|Any CPU
		{45743EE3-F753-42FC-A721-99CCB44B8A7A}.Release|x86.ActiveCfg = Release|Any CPU
		{45743EE3-F753-42FC-A721-99CCB44B8A7A}.Release|x86.Build.0 = Release|Any CPU
		{B0E0095C-2E55-4067-8444-C88213B98F37}.Debug|Any CPU.ActiveCfg = Debug|Any CPU
		{B0E0095C-2E55-4067-8444-C88213B98F37}.Debug|Any CPU.Build.0 = Debug|Any CPU
		{B0E0095C-2E55-4067-8444-C88213B98F37}.Debug|ARM.ActiveCfg = Debug|Any CPU
		{B0E0095C-2E55-4067-8444-C88213B98F37}.Debug|ARM.Build.0 = Debug|Any CPU
		{B0E0095C-2E55-4067-8444-C88213B98F37}.Debug|iPhone.ActiveCfg = Debug|Any CPU
		{B0E0095C-2E55-4067-8444-C88213B98F37}.Debug|iPhone.Build.0 = Debug|Any CPU
		{B0E0095C-2E55-4067-8444-C88213B98F37}.Debug|iPhoneSimulator.ActiveCfg = Debug|Any CPU
		{B0E0095C-2E55-4067-8444-C88213B98F37}.Debug|iPhoneSimulator.Build.0 = Debug|Any CPU
		{B0E0095C-2E55-4067-8444-C88213B98F37}.Debug|x64.ActiveCfg = Debug|Any CPU
		{B0E0095C-2E55-4067-8444-C88213B98F37}.Debug|x64.Build.0 = Debug|Any CPU
		{B0E0095C-2E55-4067-8444-C88213B98F37}.Debug|x86.ActiveCfg = Debug|Any CPU
		{B0E0095C-2E55-4067-8444-C88213B98F37}.Debug|x86.Build.0 = Debug|Any CPU
		{B0E0095C-2E55-4067-8444-C88213B98F37}.Release|Any CPU.ActiveCfg = Release|Any CPU
		{B0E0095C-2E55-4067-8444-C88213B98F37}.Release|Any CPU.Build.0 = Release|Any CPU
		{B0E0095C-2E55-4067-8444-C88213B98F37}.Release|ARM.ActiveCfg = Release|Any CPU
		{B0E0095C-2E55-4067-8444-C88213B98F37}.Release|ARM.Build.0 = Release|Any CPU
		{B0E0095C-2E55-4067-8444-C88213B98F37}.Release|iPhone.ActiveCfg = Release|Any CPU
		{B0E0095C-2E55-4067-8444-C88213B98F37}.Release|iPhone.Build.0 = Release|Any CPU
		{B0E0095C-2E55-4067-8444-C88213B98F37}.Release|iPhoneSimulator.ActiveCfg = Release|Any CPU
		{B0E0095C-2E55-4067-8444-C88213B98F37}.Release|iPhoneSimulator.Build.0 = Release|Any CPU
		{B0E0095C-2E55-4067-8444-C88213B98F37}.Release|x64.ActiveCfg = Release|Any CPU
		{B0E0095C-2E55-4067-8444-C88213B98F37}.Release|x64.Build.0 = Release|Any CPU
		{B0E0095C-2E55-4067-8444-C88213B98F37}.Release|x86.ActiveCfg = Release|Any CPU
		{B0E0095C-2E55-4067-8444-C88213B98F37}.Release|x86.Build.0 = Release|Any CPU
		{C07F9282-7816-4B22-8B1E-F7AA0812ED67}.Debug|Any CPU.ActiveCfg = Debug|Any CPU
		{C07F9282-7816-4B22-8B1E-F7AA0812ED67}.Debug|Any CPU.Build.0 = Debug|Any CPU
		{C07F9282-7816-4B22-8B1E-F7AA0812ED67}.Debug|ARM.ActiveCfg = Debug|Any CPU
		{C07F9282-7816-4B22-8B1E-F7AA0812ED67}.Debug|ARM.Build.0 = Debug|Any CPU
		{C07F9282-7816-4B22-8B1E-F7AA0812ED67}.Debug|iPhone.ActiveCfg = Debug|Any CPU
		{C07F9282-7816-4B22-8B1E-F7AA0812ED67}.Debug|iPhone.Build.0 = Debug|Any CPU
		{C07F9282-7816-4B22-8B1E-F7AA0812ED67}.Debug|iPhoneSimulator.ActiveCfg = Debug|Any CPU
		{C07F9282-7816-4B22-8B1E-F7AA0812ED67}.Debug|iPhoneSimulator.Build.0 = Debug|Any CPU
		{C07F9282-7816-4B22-8B1E-F7AA0812ED67}.Debug|x64.ActiveCfg = Debug|Any CPU
		{C07F9282-7816-4B22-8B1E-F7AA0812ED67}.Debug|x64.Build.0 = Debug|Any CPU
		{C07F9282-7816-4B22-8B1E-F7AA0812ED67}.Debug|x86.ActiveCfg = Debug|Any CPU
		{C07F9282-7816-4B22-8B1E-F7AA0812ED67}.Debug|x86.Build.0 = Debug|Any CPU
		{C07F9282-7816-4B22-8B1E-F7AA0812ED67}.Release|Any CPU.ActiveCfg = Release|Any CPU
		{C07F9282-7816-4B22-8B1E-F7AA0812ED67}.Release|Any CPU.Build.0 = Release|Any CPU
		{C07F9282-7816-4B22-8B1E-F7AA0812ED67}.Release|ARM.ActiveCfg = Release|Any CPU
		{C07F9282-7816-4B22-8B1E-F7AA0812ED67}.Release|ARM.Build.0 = Release|Any CPU
		{C07F9282-7816-4B22-8B1E-F7AA0812ED67}.Release|iPhone.ActiveCfg = Release|Any CPU
		{C07F9282-7816-4B22-8B1E-F7AA0812ED67}.Release|iPhone.Build.0 = Release|Any CPU
		{C07F9282-7816-4B22-8B1E-F7AA0812ED67}.Release|iPhoneSimulator.ActiveCfg = Release|Any CPU
		{C07F9282-7816-4B22-8B1E-F7AA0812ED67}.Release|iPhoneSimulator.Build.0 = Release|Any CPU
		{C07F9282-7816-4B22-8B1E-F7AA0812ED67}.Release|x64.ActiveCfg = Release|Any CPU
		{C07F9282-7816-4B22-8B1E-F7AA0812ED67}.Release|x64.Build.0 = Release|Any CPU
		{C07F9282-7816-4B22-8B1E-F7AA0812ED67}.Release|x86.ActiveCfg = Release|Any CPU
		{C07F9282-7816-4B22-8B1E-F7AA0812ED67}.Release|x86.Build.0 = Release|Any CPU
		{A09BE6C9-1653-4F09-857C-3B784B9B92AF}.Debug|Any CPU.ActiveCfg = Debug|x86
		{A09BE6C9-1653-4F09-857C-3B784B9B92AF}.Debug|Any CPU.Build.0 = Debug|x86
		{A09BE6C9-1653-4F09-857C-3B784B9B92AF}.Debug|Any CPU.Deploy.0 = Debug|x86
		{A09BE6C9-1653-4F09-857C-3B784B9B92AF}.Debug|ARM.ActiveCfg = Debug|ARM
		{A09BE6C9-1653-4F09-857C-3B784B9B92AF}.Debug|ARM.Build.0 = Debug|ARM
		{A09BE6C9-1653-4F09-857C-3B784B9B92AF}.Debug|ARM.Deploy.0 = Debug|ARM
		{A09BE6C9-1653-4F09-857C-3B784B9B92AF}.Debug|iPhone.ActiveCfg = Debug|x86
		{A09BE6C9-1653-4F09-857C-3B784B9B92AF}.Debug|iPhoneSimulator.ActiveCfg = Debug|x86
		{A09BE6C9-1653-4F09-857C-3B784B9B92AF}.Debug|x64.ActiveCfg = Debug|x64
		{A09BE6C9-1653-4F09-857C-3B784B9B92AF}.Debug|x64.Build.0 = Debug|x64
		{A09BE6C9-1653-4F09-857C-3B784B9B92AF}.Debug|x64.Deploy.0 = Debug|x64
		{A09BE6C9-1653-4F09-857C-3B784B9B92AF}.Debug|x86.ActiveCfg = Debug|x86
		{A09BE6C9-1653-4F09-857C-3B784B9B92AF}.Debug|x86.Build.0 = Debug|x86
		{A09BE6C9-1653-4F09-857C-3B784B9B92AF}.Debug|x86.Deploy.0 = Debug|x86
		{A09BE6C9-1653-4F09-857C-3B784B9B92AF}.Release|Any CPU.ActiveCfg = Release|x86
		{A09BE6C9-1653-4F09-857C-3B784B9B92AF}.Release|ARM.ActiveCfg = Release|ARM
		{A09BE6C9-1653-4F09-857C-3B784B9B92AF}.Release|ARM.Build.0 = Release|ARM
		{A09BE6C9-1653-4F09-857C-3B784B9B92AF}.Release|ARM.Deploy.0 = Release|ARM
		{A09BE6C9-1653-4F09-857C-3B784B9B92AF}.Release|iPhone.ActiveCfg = Release|x86
		{A09BE6C9-1653-4F09-857C-3B784B9B92AF}.Release|iPhoneSimulator.ActiveCfg = Release|x86
		{A09BE6C9-1653-4F09-857C-3B784B9B92AF}.Release|x64.ActiveCfg = Release|x64
		{A09BE6C9-1653-4F09-857C-3B784B9B92AF}.Release|x64.Build.0 = Release|x64
		{A09BE6C9-1653-4F09-857C-3B784B9B92AF}.Release|x64.Deploy.0 = Release|x64
		{A09BE6C9-1653-4F09-857C-3B784B9B92AF}.Release|x86.ActiveCfg = Release|x86
		{A09BE6C9-1653-4F09-857C-3B784B9B92AF}.Release|x86.Build.0 = Release|x86
		{A09BE6C9-1653-4F09-857C-3B784B9B92AF}.Release|x86.Deploy.0 = Release|x86
	EndGlobalSection
	GlobalSection(SolutionProperties) = preSolution
		HideSolutionNode = FALSE
	EndGlobalSection
	GlobalSection(NestedProjects) = preSolution
		{767DB0D5-4CC7-40B1-B877-237D9BFE9207} = {88999FFC-3B3E-4F71-ACA9-3150143FBC06}
		{454F7BBB-245A-4474-88B1-E5D27FCAFDB3} = {7D3C5014-EC8B-4247-9C3C-D5EEF7BB68A0}
		{FDAD6378-0ACE-4F1B-B161-25EDAF83765C} = {7D3C5014-EC8B-4247-9C3C-D5EEF7BB68A0}
		{D522EA47-6B10-4EFA-814B-BB3945713D42} = {1728C627-6FF1-4090-9468-6D53FBA8EDF1}
		{238E57E3-F116-410F-B161-3E459E9835AE} = {1728C627-6FF1-4090-9468-6D53FBA8EDF1}
		{964E1635-5242-471B-93D5-040AB148CAC3} = {1728C627-6FF1-4090-9468-6D53FBA8EDF1}
		{E7A862B8-5A45-47FD-9A91-D909A08BE783} = {DC98E363-87E9-48CD-9C7A-A7BDEC8D73E1}
		{333C01D0-3A86-451A-AB26-73C395F83600} = {88999FFC-3B3E-4F71-ACA9-3150143FBC06}
		{5D00F9EC-31D2-4F4E-8D05-F98FD36915A9} = {88999FFC-3B3E-4F71-ACA9-3150143FBC06}
		{AA7178C8-C46D-47EC-A589-EF21141C7F1F} = {88999FFC-3B3E-4F71-ACA9-3150143FBC06}
		{4BA34C2E-49A4-4659-A461-D41D5465ECEF} = {88999FFC-3B3E-4F71-ACA9-3150143FBC06}
		{45743EE3-F753-42FC-A721-99CCB44B8A7A} = {7D3C5014-EC8B-4247-9C3C-D5EEF7BB68A0}
		{B0E0095C-2E55-4067-8444-C88213B98F37} = {7D3C5014-EC8B-4247-9C3C-D5EEF7BB68A0}
		{A09BE6C9-1653-4F09-857C-3B784B9B92AF} = {1728C627-6FF1-4090-9468-6D53FBA8EDF1}
	EndGlobalSection
	GlobalSection(ExtensibilityGlobals) = postSolution
		SolutionGuid = {2C6B6E1E-ABD3-49DA-9BE4-DC79F5504CC2}
	EndGlobalSection
	GlobalSection(MonoDevelopProperties) = preSolution
		Policies = $0
		$0.DotNetNamingPolicy = $1
		$0.VersionControlPolicy = $2
		$0.StandardHeader = $3
		$3.Text = @/*\n * Copyright (C) 2014 Raphael Nöldner : http://csvquickviewer.com\n *\n * This program is free software: you can redistribute it and/or modify it under the terms of the GNU Lesser Public\n * License as published by the Free Software Foundation, either version 3 of the License, or (at your option) any later version.\n *\n * This program is distributed in the hope that it will be useful, but WITHOUT ANY WARRANTY; without even the implied warranty\n * of MERCHANTABILITY or FITNESS FOR A PARTICULAR PURPOSE. See the GNU Lesser Public License for more details.\n *\n * You should have received a copy of the GNU Lesser Public License along with this program.\n * If not, see http://www.gnu.org/licenses/ .\n *\n */
		version = 1.4.6.499
	EndGlobalSection
EndGlobal
