
Microsoft Visual Studio Solution File, Format Version 12.00
# Visual Studio Version 16
VisualStudioVersion = 16.0.29728.190
MinimumVisualStudioVersion = 10.0.40219.1
Project("{FAE04EC0-301F-11D3-BF4B-00C04F79EFBC}") = "CSVQuickViewer", "Application\CSVQuickViewer.csproj", "{611F276A-12C1-43F1-B4F2-3237529A0265}"
	ProjectSection(ProjectDependencies) = postProject
		{0B6AEE5A-8005-4B1D-987F-5790C34A2D52} = {0B6AEE5A-8005-4B1D-987F-5790C34A2D52}
		{55AD0A98-C175-4B38-A3D0-321740820D41} = {55AD0A98-C175-4B38-A3D0-321740820D41}
	EndProjectSection
EndProject
Project("{2150E333-8FDC-42A3-9474-1A3956D46DE8}") = "Setup", "Setup", "{DC98E363-87E9-48CD-9C7A-A7BDEC8D73E1}"
EndProject
Project("{2150E333-8FDC-42A3-9474-1A3956D46DE8}") = "UnitTest", "UnitTest", "{88999FFC-3B3E-4F71-ACA9-3150143FBC06}"
EndProject
Project("{FAE04EC0-301F-11D3-BF4B-00C04F79EFBC}") = "CSVQuickViewerUnitTest", "UnitTest\CSVQuickViewerUnitTest.csproj", "{EA4920CD-39FF-471F-9CEC-2917C9B5C772}"
	ProjectSection(ProjectDependencies) = postProject
		{55AD0A98-C175-4B38-A3D0-321740820D41} = {55AD0A98-C175-4B38-A3D0-321740820D41}
	EndProjectSection
EndProject
Project("{930C7802-8A8C-48F9-8165-68863BCCD9DD}") = "CSVQuickViewer_MSI", "Setup\CSVQuickViewer_MSI.wixproj", "{DEAEAA07-1960-407A-9D7B-A95FAF0408DD}"
EndProject
Project("{2150E333-8FDC-42A3-9474-1A3956D46DE8}") = "Library", "Library", "{7D3C5014-EC8B-4247-9C3C-D5EEF7BB68A0}"
EndProject
Project("{9A19103F-16F7-4668-BE54-9A1E7A4F7556}") = "ClassLibraryCSV", "Library\ClassLibraryCSV\ClassLibraryCSV.csproj", "{0B6AEE5A-8005-4B1D-987F-5790C34A2D52}"
EndProject
Project("{FAE04EC0-301F-11D3-BF4B-00C04F79EFBC}") = "WinFormControls", "Library\WinFormControls\WinFormControls.csproj", "{55AD0A98-C175-4B38-A3D0-321740820D41}"
EndProject
Project("{FAE04EC0-301F-11D3-BF4B-00C04F79EFBC}") = "WinFormControlsUnitTest", "Library\WinFormControlsUnitTest\WinFormControlsUnitTest.csproj", "{CE5F0052-F13F-4F51-AA08-4D691EC59D93}"
EndProject
Project("{FAE04EC0-301F-11D3-BF4B-00C04F79EFBC}") = "ClassLibraryCSVUnitTest", "Library\ClassLibraryCSVUnitTest\ClassLibraryCSVUnitTest.csproj", "{DDFEC05C-94F0-4329-9CB2-96D2B4B57050}"
EndProject
Project("{9A19103F-16F7-4668-BE54-9A1E7A4F7556}") = "CsvQuickViewer.core", "Application.core\CsvQuickViewer.core.csproj", "{36E474DF-1D1A-40B5-B76A-2CA8A65358BF}"
EndProject
Project("{C7167F0D-BC9F-4E6E-AFE1-012C56B48DB5}") = "CSVQuickViewer_UWP", "Setup\CSVQuickeViewer_UWP\CSVQuickViewer_UWP.wapproj", "{84B46CF4-757B-4C4E-8800-1B465DDF9D8B}"
EndProject
Project("{9A19103F-16F7-4668-BE54-9A1E7A4F7556}") = "ClassLibraryCSV.Standard", "Library\ClassLibraryCSV.Standard\ClassLibraryCSV.Standard.csproj", "{0AA41F25-E953-4040-88B5-BEB6B3E795C4}"
EndProject
Project("{9A19103F-16F7-4668-BE54-9A1E7A4F7556}") = "WinFormsControls.core", "Library\WinFormsControls.core\WinFormsControls.core.csproj", "{86CCC2B2-C002-498A-AE54-0F8DC4E5AAFE}"
EndProject
Global
	GlobalSection(SolutionConfigurationPlatforms) = preSolution
		Debug|Any CPU = Debug|Any CPU
		Debug|ARM = Debug|ARM
		Debug|ARM64 = Debug|ARM64
		Debug|x64 = Debug|x64
		Debug|x86 = Debug|x86
		Release|Any CPU = Release|Any CPU
		Release|ARM = Release|ARM
		Release|ARM64 = Release|ARM64
		Release|x64 = Release|x64
		Release|x86 = Release|x86
	EndGlobalSection
	GlobalSection(ProjectConfigurationPlatforms) = postSolution
		{611F276A-12C1-43F1-B4F2-3237529A0265}.Debug|Any CPU.ActiveCfg = Debug|Any CPU
		{611F276A-12C1-43F1-B4F2-3237529A0265}.Debug|Any CPU.Build.0 = Debug|Any CPU
		{611F276A-12C1-43F1-B4F2-3237529A0265}.Debug|ARM.ActiveCfg = Debug|Any CPU
		{611F276A-12C1-43F1-B4F2-3237529A0265}.Debug|ARM.Build.0 = Debug|Any CPU
		{611F276A-12C1-43F1-B4F2-3237529A0265}.Debug|ARM64.ActiveCfg = Debug|Any CPU
		{611F276A-12C1-43F1-B4F2-3237529A0265}.Debug|ARM64.Build.0 = Debug|Any CPU
		{611F276A-12C1-43F1-B4F2-3237529A0265}.Debug|x64.ActiveCfg = Debug|Any CPU
		{611F276A-12C1-43F1-B4F2-3237529A0265}.Debug|x64.Build.0 = Debug|Any CPU
		{611F276A-12C1-43F1-B4F2-3237529A0265}.Debug|x86.ActiveCfg = Debug|Any CPU
		{611F276A-12C1-43F1-B4F2-3237529A0265}.Debug|x86.Build.0 = Debug|Any CPU
		{611F276A-12C1-43F1-B4F2-3237529A0265}.Release|Any CPU.ActiveCfg = Release|Any CPU
		{611F276A-12C1-43F1-B4F2-3237529A0265}.Release|Any CPU.Build.0 = Release|Any CPU
		{611F276A-12C1-43F1-B4F2-3237529A0265}.Release|ARM.ActiveCfg = Release|Any CPU
		{611F276A-12C1-43F1-B4F2-3237529A0265}.Release|ARM.Build.0 = Release|Any CPU
		{611F276A-12C1-43F1-B4F2-3237529A0265}.Release|ARM64.ActiveCfg = Release|Any CPU
		{611F276A-12C1-43F1-B4F2-3237529A0265}.Release|ARM64.Build.0 = Release|Any CPU
		{611F276A-12C1-43F1-B4F2-3237529A0265}.Release|x64.ActiveCfg = Release|Any CPU
		{611F276A-12C1-43F1-B4F2-3237529A0265}.Release|x64.Build.0 = Release|Any CPU
		{611F276A-12C1-43F1-B4F2-3237529A0265}.Release|x86.ActiveCfg = Release|Any CPU
		{611F276A-12C1-43F1-B4F2-3237529A0265}.Release|x86.Build.0 = Release|Any CPU
		{EA4920CD-39FF-471F-9CEC-2917C9B5C772}.Debug|Any CPU.ActiveCfg = Debug|Any CPU
		{EA4920CD-39FF-471F-9CEC-2917C9B5C772}.Debug|Any CPU.Build.0 = Debug|Any CPU
		{EA4920CD-39FF-471F-9CEC-2917C9B5C772}.Debug|ARM.ActiveCfg = Debug|Any CPU
		{EA4920CD-39FF-471F-9CEC-2917C9B5C772}.Debug|ARM.Build.0 = Debug|Any CPU
		{EA4920CD-39FF-471F-9CEC-2917C9B5C772}.Debug|ARM64.ActiveCfg = Debug|Any CPU
		{EA4920CD-39FF-471F-9CEC-2917C9B5C772}.Debug|ARM64.Build.0 = Debug|Any CPU
		{EA4920CD-39FF-471F-9CEC-2917C9B5C772}.Debug|x64.ActiveCfg = Debug|Any CPU
		{EA4920CD-39FF-471F-9CEC-2917C9B5C772}.Debug|x64.Build.0 = Debug|Any CPU
		{EA4920CD-39FF-471F-9CEC-2917C9B5C772}.Debug|x86.ActiveCfg = Debug|Any CPU
		{EA4920CD-39FF-471F-9CEC-2917C9B5C772}.Debug|x86.Build.0 = Debug|Any CPU
		{EA4920CD-39FF-471F-9CEC-2917C9B5C772}.Release|Any CPU.ActiveCfg = Release|Any CPU
		{EA4920CD-39FF-471F-9CEC-2917C9B5C772}.Release|ARM.ActiveCfg = Release|Any CPU
		{EA4920CD-39FF-471F-9CEC-2917C9B5C772}.Release|ARM.Build.0 = Release|Any CPU
		{EA4920CD-39FF-471F-9CEC-2917C9B5C772}.Release|ARM64.ActiveCfg = Release|Any CPU
		{EA4920CD-39FF-471F-9CEC-2917C9B5C772}.Release|ARM64.Build.0 = Release|Any CPU
		{EA4920CD-39FF-471F-9CEC-2917C9B5C772}.Release|x64.ActiveCfg = Release|Any CPU
		{EA4920CD-39FF-471F-9CEC-2917C9B5C772}.Release|x64.Build.0 = Release|Any CPU
		{EA4920CD-39FF-471F-9CEC-2917C9B5C772}.Release|x86.ActiveCfg = Release|Any CPU
		{EA4920CD-39FF-471F-9CEC-2917C9B5C772}.Release|x86.Build.0 = Release|Any CPU
		{DEAEAA07-1960-407A-9D7B-A95FAF0408DD}.Debug|Any CPU.ActiveCfg = Debug|x86
		{DEAEAA07-1960-407A-9D7B-A95FAF0408DD}.Debug|ARM.ActiveCfg = Debug|x86
		{DEAEAA07-1960-407A-9D7B-A95FAF0408DD}.Debug|ARM64.ActiveCfg = Debug|x86
		{DEAEAA07-1960-407A-9D7B-A95FAF0408DD}.Debug|x64.ActiveCfg = Debug|x86
		{DEAEAA07-1960-407A-9D7B-A95FAF0408DD}.Debug|x86.ActiveCfg = Debug|x86
		{DEAEAA07-1960-407A-9D7B-A95FAF0408DD}.Debug|x86.Build.0 = Debug|x86
		{DEAEAA07-1960-407A-9D7B-A95FAF0408DD}.Release|Any CPU.ActiveCfg = Release|x86
		{DEAEAA07-1960-407A-9D7B-A95FAF0408DD}.Release|ARM.ActiveCfg = Release|x86
		{DEAEAA07-1960-407A-9D7B-A95FAF0408DD}.Release|ARM64.ActiveCfg = Release|x86
		{DEAEAA07-1960-407A-9D7B-A95FAF0408DD}.Release|x64.ActiveCfg = Release|x86
		{DEAEAA07-1960-407A-9D7B-A95FAF0408DD}.Release|x86.ActiveCfg = Release|x86
		{DEAEAA07-1960-407A-9D7B-A95FAF0408DD}.Release|x86.Build.0 = Release|x86
		{0B6AEE5A-8005-4B1D-987F-5790C34A2D52}.Debug|Any CPU.ActiveCfg = Debug|Any CPU
		{0B6AEE5A-8005-4B1D-987F-5790C34A2D52}.Debug|Any CPU.Build.0 = Debug|Any CPU
		{0B6AEE5A-8005-4B1D-987F-5790C34A2D52}.Debug|ARM.ActiveCfg = Debug|Any CPU
		{0B6AEE5A-8005-4B1D-987F-5790C34A2D52}.Debug|ARM.Build.0 = Debug|Any CPU
		{0B6AEE5A-8005-4B1D-987F-5790C34A2D52}.Debug|ARM64.ActiveCfg = Debug|Any CPU
		{0B6AEE5A-8005-4B1D-987F-5790C34A2D52}.Debug|ARM64.Build.0 = Debug|Any CPU
		{0B6AEE5A-8005-4B1D-987F-5790C34A2D52}.Debug|x64.ActiveCfg = Debug|Any CPU
		{0B6AEE5A-8005-4B1D-987F-5790C34A2D52}.Debug|x64.Build.0 = Debug|Any CPU
		{0B6AEE5A-8005-4B1D-987F-5790C34A2D52}.Debug|x86.ActiveCfg = Debug|Any CPU
		{0B6AEE5A-8005-4B1D-987F-5790C34A2D52}.Debug|x86.Build.0 = Debug|Any CPU
		{0B6AEE5A-8005-4B1D-987F-5790C34A2D52}.Release|Any CPU.ActiveCfg = Release|Any CPU
		{0B6AEE5A-8005-4B1D-987F-5790C34A2D52}.Release|Any CPU.Build.0 = Release|Any CPU
		{0B6AEE5A-8005-4B1D-987F-5790C34A2D52}.Release|ARM.ActiveCfg = Release|Any CPU
		{0B6AEE5A-8005-4B1D-987F-5790C34A2D52}.Release|ARM.Build.0 = Release|Any CPU
		{0B6AEE5A-8005-4B1D-987F-5790C34A2D52}.Release|ARM64.ActiveCfg = Release|Any CPU
		{0B6AEE5A-8005-4B1D-987F-5790C34A2D52}.Release|ARM64.Build.0 = Release|Any CPU
		{0B6AEE5A-8005-4B1D-987F-5790C34A2D52}.Release|x64.ActiveCfg = Release|Any CPU
		{0B6AEE5A-8005-4B1D-987F-5790C34A2D52}.Release|x64.Build.0 = Release|Any CPU
		{0B6AEE5A-8005-4B1D-987F-5790C34A2D52}.Release|x86.ActiveCfg = Release|Any CPU
		{0B6AEE5A-8005-4B1D-987F-5790C34A2D52}.Release|x86.Build.0 = Release|Any CPU
		{55AD0A98-C175-4B38-A3D0-321740820D41}.Debug|Any CPU.ActiveCfg = Debug|Any CPU
		{55AD0A98-C175-4B38-A3D0-321740820D41}.Debug|Any CPU.Build.0 = Debug|Any CPU
		{55AD0A98-C175-4B38-A3D0-321740820D41}.Debug|ARM.ActiveCfg = Debug|Any CPU
		{55AD0A98-C175-4B38-A3D0-321740820D41}.Debug|ARM.Build.0 = Debug|Any CPU
		{55AD0A98-C175-4B38-A3D0-321740820D41}.Debug|ARM64.ActiveCfg = Debug|Any CPU
		{55AD0A98-C175-4B38-A3D0-321740820D41}.Debug|ARM64.Build.0 = Debug|Any CPU
		{55AD0A98-C175-4B38-A3D0-321740820D41}.Debug|x64.ActiveCfg = Debug|Any CPU
		{55AD0A98-C175-4B38-A3D0-321740820D41}.Debug|x64.Build.0 = Debug|Any CPU
		{55AD0A98-C175-4B38-A3D0-321740820D41}.Debug|x86.ActiveCfg = Debug|Any CPU
		{55AD0A98-C175-4B38-A3D0-321740820D41}.Debug|x86.Build.0 = Debug|Any CPU
		{55AD0A98-C175-4B38-A3D0-321740820D41}.Release|Any CPU.ActiveCfg = Release|Any CPU
		{55AD0A98-C175-4B38-A3D0-321740820D41}.Release|Any CPU.Build.0 = Release|Any CPU
		{55AD0A98-C175-4B38-A3D0-321740820D41}.Release|ARM.ActiveCfg = Release|Any CPU
		{55AD0A98-C175-4B38-A3D0-321740820D41}.Release|ARM.Build.0 = Release|Any CPU
		{55AD0A98-C175-4B38-A3D0-321740820D41}.Release|ARM64.ActiveCfg = Release|Any CPU
		{55AD0A98-C175-4B38-A3D0-321740820D41}.Release|ARM64.Build.0 = Release|Any CPU
		{55AD0A98-C175-4B38-A3D0-321740820D41}.Release|x64.ActiveCfg = Release|Any CPU
		{55AD0A98-C175-4B38-A3D0-321740820D41}.Release|x64.Build.0 = Release|Any CPU
		{55AD0A98-C175-4B38-A3D0-321740820D41}.Release|x86.ActiveCfg = Debug|Any CPU
		{55AD0A98-C175-4B38-A3D0-321740820D41}.Release|x86.Build.0 = Debug|Any CPU
		{CE5F0052-F13F-4F51-AA08-4D691EC59D93}.Debug|Any CPU.ActiveCfg = Debug|Any CPU
		{CE5F0052-F13F-4F51-AA08-4D691EC59D93}.Debug|Any CPU.Build.0 = Debug|Any CPU
		{CE5F0052-F13F-4F51-AA08-4D691EC59D93}.Debug|ARM.ActiveCfg = Debug|Any CPU
		{CE5F0052-F13F-4F51-AA08-4D691EC59D93}.Debug|ARM.Build.0 = Debug|Any CPU
		{CE5F0052-F13F-4F51-AA08-4D691EC59D93}.Debug|ARM64.ActiveCfg = Debug|Any CPU
		{CE5F0052-F13F-4F51-AA08-4D691EC59D93}.Debug|ARM64.Build.0 = Debug|Any CPU
		{CE5F0052-F13F-4F51-AA08-4D691EC59D93}.Debug|x64.ActiveCfg = Debug|Any CPU
		{CE5F0052-F13F-4F51-AA08-4D691EC59D93}.Debug|x64.Build.0 = Debug|Any CPU
		{CE5F0052-F13F-4F51-AA08-4D691EC59D93}.Debug|x86.ActiveCfg = Debug|Any CPU
		{CE5F0052-F13F-4F51-AA08-4D691EC59D93}.Debug|x86.Build.0 = Debug|Any CPU
		{CE5F0052-F13F-4F51-AA08-4D691EC59D93}.Release|Any CPU.ActiveCfg = Release|Any CPU
		{CE5F0052-F13F-4F51-AA08-4D691EC59D93}.Release|ARM.ActiveCfg = Release|Any CPU
		{CE5F0052-F13F-4F51-AA08-4D691EC59D93}.Release|ARM.Build.0 = Release|Any CPU
		{CE5F0052-F13F-4F51-AA08-4D691EC59D93}.Release|ARM64.ActiveCfg = Release|Any CPU
		{CE5F0052-F13F-4F51-AA08-4D691EC59D93}.Release|ARM64.Build.0 = Release|Any CPU
		{CE5F0052-F13F-4F51-AA08-4D691EC59D93}.Release|x64.ActiveCfg = Release|Any CPU
		{CE5F0052-F13F-4F51-AA08-4D691EC59D93}.Release|x64.Build.0 = Release|Any CPU
		{CE5F0052-F13F-4F51-AA08-4D691EC59D93}.Release|x86.ActiveCfg = Release|Any CPU
		{CE5F0052-F13F-4F51-AA08-4D691EC59D93}.Release|x86.Build.0 = Release|Any CPU
		{DDFEC05C-94F0-4329-9CB2-96D2B4B57050}.Debug|Any CPU.ActiveCfg = Debug|Any CPU
		{DDFEC05C-94F0-4329-9CB2-96D2B4B57050}.Debug|Any CPU.Build.0 = Debug|Any CPU
		{DDFEC05C-94F0-4329-9CB2-96D2B4B57050}.Debug|ARM.ActiveCfg = Debug|Any CPU
		{DDFEC05C-94F0-4329-9CB2-96D2B4B57050}.Debug|ARM.Build.0 = Debug|Any CPU
		{DDFEC05C-94F0-4329-9CB2-96D2B4B57050}.Debug|ARM64.ActiveCfg = Debug|Any CPU
		{DDFEC05C-94F0-4329-9CB2-96D2B4B57050}.Debug|ARM64.Build.0 = Debug|Any CPU
		{DDFEC05C-94F0-4329-9CB2-96D2B4B57050}.Debug|x64.ActiveCfg = Debug|Any CPU
		{DDFEC05C-94F0-4329-9CB2-96D2B4B57050}.Debug|x64.Build.0 = Debug|Any CPU
		{DDFEC05C-94F0-4329-9CB2-96D2B4B57050}.Debug|x86.ActiveCfg = Debug|Any CPU
		{DDFEC05C-94F0-4329-9CB2-96D2B4B57050}.Debug|x86.Build.0 = Debug|Any CPU
		{DDFEC05C-94F0-4329-9CB2-96D2B4B57050}.Release|Any CPU.ActiveCfg = Release|Any CPU
		{DDFEC05C-94F0-4329-9CB2-96D2B4B57050}.Release|ARM.ActiveCfg = Release|Any CPU
		{DDFEC05C-94F0-4329-9CB2-96D2B4B57050}.Release|ARM.Build.0 = Release|Any CPU
		{DDFEC05C-94F0-4329-9CB2-96D2B4B57050}.Release|ARM64.ActiveCfg = Release|Any CPU
		{DDFEC05C-94F0-4329-9CB2-96D2B4B57050}.Release|ARM64.Build.0 = Release|Any CPU
		{DDFEC05C-94F0-4329-9CB2-96D2B4B57050}.Release|x64.ActiveCfg = Release|Any CPU
		{DDFEC05C-94F0-4329-9CB2-96D2B4B57050}.Release|x64.Build.0 = Release|Any CPU
		{DDFEC05C-94F0-4329-9CB2-96D2B4B57050}.Release|x86.ActiveCfg = Release|Any CPU
		{DDFEC05C-94F0-4329-9CB2-96D2B4B57050}.Release|x86.Build.0 = Release|Any CPU
		{36E474DF-1D1A-40B5-B76A-2CA8A65358BF}.Debug|Any CPU.ActiveCfg = Debug|Any CPU
		{36E474DF-1D1A-40B5-B76A-2CA8A65358BF}.Debug|Any CPU.Build.0 = Debug|Any CPU
		{36E474DF-1D1A-40B5-B76A-2CA8A65358BF}.Debug|ARM.ActiveCfg = Debug|Any CPU
		{36E474DF-1D1A-40B5-B76A-2CA8A65358BF}.Debug|ARM.Build.0 = Debug|Any CPU
		{36E474DF-1D1A-40B5-B76A-2CA8A65358BF}.Debug|ARM64.ActiveCfg = Debug|Any CPU
		{36E474DF-1D1A-40B5-B76A-2CA8A65358BF}.Debug|ARM64.Build.0 = Debug|Any CPU
		{36E474DF-1D1A-40B5-B76A-2CA8A65358BF}.Debug|x64.ActiveCfg = Debug|Any CPU
		{36E474DF-1D1A-40B5-B76A-2CA8A65358BF}.Debug|x64.Build.0 = Debug|Any CPU
		{36E474DF-1D1A-40B5-B76A-2CA8A65358BF}.Debug|x86.ActiveCfg = Debug|Any CPU
		{36E474DF-1D1A-40B5-B76A-2CA8A65358BF}.Debug|x86.Build.0 = Debug|Any CPU
		{36E474DF-1D1A-40B5-B76A-2CA8A65358BF}.Release|Any CPU.ActiveCfg = Release|Any CPU
		{36E474DF-1D1A-40B5-B76A-2CA8A65358BF}.Release|Any CPU.Build.0 = Release|Any CPU
		{36E474DF-1D1A-40B5-B76A-2CA8A65358BF}.Release|ARM.ActiveCfg = Release|Any CPU
		{36E474DF-1D1A-40B5-B76A-2CA8A65358BF}.Release|ARM.Build.0 = Release|Any CPU
		{36E474DF-1D1A-40B5-B76A-2CA8A65358BF}.Release|ARM64.ActiveCfg = Release|Any CPU
		{36E474DF-1D1A-40B5-B76A-2CA8A65358BF}.Release|ARM64.Build.0 = Release|Any CPU
		{36E474DF-1D1A-40B5-B76A-2CA8A65358BF}.Release|x64.ActiveCfg = Release|Any CPU
		{36E474DF-1D1A-40B5-B76A-2CA8A65358BF}.Release|x64.Build.0 = Release|Any CPU
		{36E474DF-1D1A-40B5-B76A-2CA8A65358BF}.Release|x86.ActiveCfg = Release|Any CPU
		{36E474DF-1D1A-40B5-B76A-2CA8A65358BF}.Release|x86.Build.0 = Release|Any CPU
		{84B46CF4-757B-4C4E-8800-1B465DDF9D8B}.Debug|Any CPU.ActiveCfg = Debug|Any CPU
		{84B46CF4-757B-4C4E-8800-1B465DDF9D8B}.Debug|Any CPU.Build.0 = Debug|Any CPU
		{84B46CF4-757B-4C4E-8800-1B465DDF9D8B}.Debug|Any CPU.Deploy.0 = Debug|Any CPU
		{84B46CF4-757B-4C4E-8800-1B465DDF9D8B}.Debug|ARM.ActiveCfg = Debug|ARM
		{84B46CF4-757B-4C4E-8800-1B465DDF9D8B}.Debug|ARM.Build.0 = Debug|ARM
		{84B46CF4-757B-4C4E-8800-1B465DDF9D8B}.Debug|ARM.Deploy.0 = Debug|ARM
		{84B46CF4-757B-4C4E-8800-1B465DDF9D8B}.Debug|ARM64.ActiveCfg = Debug|ARM64
		{84B46CF4-757B-4C4E-8800-1B465DDF9D8B}.Debug|ARM64.Build.0 = Debug|ARM64
		{84B46CF4-757B-4C4E-8800-1B465DDF9D8B}.Debug|ARM64.Deploy.0 = Debug|ARM64
		{84B46CF4-757B-4C4E-8800-1B465DDF9D8B}.Debug|x64.ActiveCfg = Debug|x64
		{84B46CF4-757B-4C4E-8800-1B465DDF9D8B}.Debug|x64.Build.0 = Debug|x64
		{84B46CF4-757B-4C4E-8800-1B465DDF9D8B}.Debug|x64.Deploy.0 = Debug|x64
		{84B46CF4-757B-4C4E-8800-1B465DDF9D8B}.Debug|x86.ActiveCfg = Debug|x86
		{84B46CF4-757B-4C4E-8800-1B465DDF9D8B}.Debug|x86.Build.0 = Debug|x86
		{84B46CF4-757B-4C4E-8800-1B465DDF9D8B}.Debug|x86.Deploy.0 = Debug|x86
		{84B46CF4-757B-4C4E-8800-1B465DDF9D8B}.Release|Any CPU.ActiveCfg = Release|Any CPU
		{84B46CF4-757B-4C4E-8800-1B465DDF9D8B}.Release|Any CPU.Build.0 = Release|Any CPU
		{84B46CF4-757B-4C4E-8800-1B465DDF9D8B}.Release|Any CPU.Deploy.0 = Release|Any CPU
		{84B46CF4-757B-4C4E-8800-1B465DDF9D8B}.Release|ARM.ActiveCfg = Release|ARM
		{84B46CF4-757B-4C4E-8800-1B465DDF9D8B}.Release|ARM.Build.0 = Release|ARM
		{84B46CF4-757B-4C4E-8800-1B465DDF9D8B}.Release|ARM.Deploy.0 = Release|ARM
		{84B46CF4-757B-4C4E-8800-1B465DDF9D8B}.Release|ARM64.ActiveCfg = Release|ARM64
		{84B46CF4-757B-4C4E-8800-1B465DDF9D8B}.Release|ARM64.Build.0 = Release|ARM64
		{84B46CF4-757B-4C4E-8800-1B465DDF9D8B}.Release|ARM64.Deploy.0 = Release|ARM64
		{84B46CF4-757B-4C4E-8800-1B465DDF9D8B}.Release|x64.ActiveCfg = Release|x64
		{84B46CF4-757B-4C4E-8800-1B465DDF9D8B}.Release|x64.Build.0 = Release|x64
		{84B46CF4-757B-4C4E-8800-1B465DDF9D8B}.Release|x64.Deploy.0 = Release|x64
		{84B46CF4-757B-4C4E-8800-1B465DDF9D8B}.Release|x86.ActiveCfg = Release|x86
		{84B46CF4-757B-4C4E-8800-1B465DDF9D8B}.Release|x86.Build.0 = Release|x86
		{84B46CF4-757B-4C4E-8800-1B465DDF9D8B}.Release|x86.Deploy.0 = Release|x86
		{0AA41F25-E953-4040-88B5-BEB6B3E795C4}.Debug|Any CPU.ActiveCfg = Debug|Any CPU
		{0AA41F25-E953-4040-88B5-BEB6B3E795C4}.Debug|Any CPU.Build.0 = Debug|Any CPU
		{0AA41F25-E953-4040-88B5-BEB6B3E795C4}.Debug|ARM.ActiveCfg = Debug|Any CPU
		{0AA41F25-E953-4040-88B5-BEB6B3E795C4}.Debug|ARM.Build.0 = Debug|Any CPU
		{0AA41F25-E953-4040-88B5-BEB6B3E795C4}.Debug|ARM64.ActiveCfg = Debug|Any CPU
		{0AA41F25-E953-4040-88B5-BEB6B3E795C4}.Debug|ARM64.Build.0 = Debug|Any CPU
		{0AA41F25-E953-4040-88B5-BEB6B3E795C4}.Debug|x64.ActiveCfg = Debug|Any CPU
		{0AA41F25-E953-4040-88B5-BEB6B3E795C4}.Debug|x64.Build.0 = Debug|Any CPU
		{0AA41F25-E953-4040-88B5-BEB6B3E795C4}.Debug|x86.ActiveCfg = Debug|Any CPU
		{0AA41F25-E953-4040-88B5-BEB6B3E795C4}.Debug|x86.Build.0 = Debug|Any CPU
		{0AA41F25-E953-4040-88B5-BEB6B3E795C4}.Release|Any CPU.ActiveCfg = Release|Any CPU
		{0AA41F25-E953-4040-88B5-BEB6B3E795C4}.Release|Any CPU.Build.0 = Release|Any CPU
		{0AA41F25-E953-4040-88B5-BEB6B3E795C4}.Release|ARM.ActiveCfg = Release|Any CPU
		{0AA41F25-E953-4040-88B5-BEB6B3E795C4}.Release|ARM.Build.0 = Release|Any CPU
		{0AA41F25-E953-4040-88B5-BEB6B3E795C4}.Release|ARM64.ActiveCfg = Release|Any CPU
		{0AA41F25-E953-4040-88B5-BEB6B3E795C4}.Release|ARM64.Build.0 = Release|Any CPU
		{0AA41F25-E953-4040-88B5-BEB6B3E795C4}.Release|x64.ActiveCfg = Release|Any CPU
		{0AA41F25-E953-4040-88B5-BEB6B3E795C4}.Release|x64.Build.0 = Release|Any CPU
		{0AA41F25-E953-4040-88B5-BEB6B3E795C4}.Release|x86.ActiveCfg = Release|Any CPU
		{0AA41F25-E953-4040-88B5-BEB6B3E795C4}.Release|x86.Build.0 = Release|Any CPU
		{86CCC2B2-C002-498A-AE54-0F8DC4E5AAFE}.Debug|Any CPU.ActiveCfg = Debug|Any CPU
		{86CCC2B2-C002-498A-AE54-0F8DC4E5AAFE}.Debug|Any CPU.Build.0 = Debug|Any CPU
		{86CCC2B2-C002-498A-AE54-0F8DC4E5AAFE}.Debug|ARM.ActiveCfg = Debug|Any CPU
		{86CCC2B2-C002-498A-AE54-0F8DC4E5AAFE}.Debug|ARM.Build.0 = Debug|Any CPU
		{86CCC2B2-C002-498A-AE54-0F8DC4E5AAFE}.Debug|ARM64.ActiveCfg = Debug|Any CPU
		{86CCC2B2-C002-498A-AE54-0F8DC4E5AAFE}.Debug|ARM64.Build.0 = Debug|Any CPU
		{86CCC2B2-C002-498A-AE54-0F8DC4E5AAFE}.Debug|x64.ActiveCfg = Debug|Any CPU
		{86CCC2B2-C002-498A-AE54-0F8DC4E5AAFE}.Debug|x64.Build.0 = Debug|Any CPU
		{86CCC2B2-C002-498A-AE54-0F8DC4E5AAFE}.Debug|x86.ActiveCfg = Debug|Any CPU
		{86CCC2B2-C002-498A-AE54-0F8DC4E5AAFE}.Debug|x86.Build.0 = Debug|Any CPU
		{86CCC2B2-C002-498A-AE54-0F8DC4E5AAFE}.Release|Any CPU.ActiveCfg = Release|Any CPU
		{86CCC2B2-C002-498A-AE54-0F8DC4E5AAFE}.Release|Any CPU.Build.0 = Release|Any CPU
		{86CCC2B2-C002-498A-AE54-0F8DC4E5AAFE}.Release|ARM.ActiveCfg = Release|Any CPU
		{86CCC2B2-C002-498A-AE54-0F8DC4E5AAFE}.Release|ARM.Build.0 = Release|Any CPU
		{86CCC2B2-C002-498A-AE54-0F8DC4E5AAFE}.Release|ARM64.ActiveCfg = Release|Any CPU
		{86CCC2B2-C002-498A-AE54-0F8DC4E5AAFE}.Release|ARM64.Build.0 = Release|Any CPU
		{86CCC2B2-C002-498A-AE54-0F8DC4E5AAFE}.Release|x64.ActiveCfg = Release|Any CPU
		{86CCC2B2-C002-498A-AE54-0F8DC4E5AAFE}.Release|x64.Build.0 = Release|Any CPU
		{86CCC2B2-C002-498A-AE54-0F8DC4E5AAFE}.Release|x86.ActiveCfg = Release|Any CPU
		{86CCC2B2-C002-498A-AE54-0F8DC4E5AAFE}.Release|x86.Build.0 = Release|Any CPU
	EndGlobalSection
	GlobalSection(SolutionProperties) = preSolution
		HideSolutionNode = FALSE
	EndGlobalSection
	GlobalSection(NestedProjects) = preSolution
		{EA4920CD-39FF-471F-9CEC-2917C9B5C772} = {88999FFC-3B3E-4F71-ACA9-3150143FBC06}
		{DEAEAA07-1960-407A-9D7B-A95FAF0408DD} = {DC98E363-87E9-48CD-9C7A-A7BDEC8D73E1}
		{0B6AEE5A-8005-4B1D-987F-5790C34A2D52} = {7D3C5014-EC8B-4247-9C3C-D5EEF7BB68A0}
		{55AD0A98-C175-4B38-A3D0-321740820D41} = {7D3C5014-EC8B-4247-9C3C-D5EEF7BB68A0}
		{CE5F0052-F13F-4F51-AA08-4D691EC59D93} = {88999FFC-3B3E-4F71-ACA9-3150143FBC06}
		{DDFEC05C-94F0-4329-9CB2-96D2B4B57050} = {88999FFC-3B3E-4F71-ACA9-3150143FBC06}
		{84B46CF4-757B-4C4E-8800-1B465DDF9D8B} = {DC98E363-87E9-48CD-9C7A-A7BDEC8D73E1}
		{0AA41F25-E953-4040-88B5-BEB6B3E795C4} = {7D3C5014-EC8B-4247-9C3C-D5EEF7BB68A0}
		{86CCC2B2-C002-498A-AE54-0F8DC4E5AAFE} = {7D3C5014-EC8B-4247-9C3C-D5EEF7BB68A0}
	EndGlobalSection
	GlobalSection(ExtensibilityGlobals) = postSolution
		SolutionGuid = {2C6B6E1E-ABD3-49DA-9BE4-DC79F5504CC2}
	EndGlobalSection
EndGlobal
