
Microsoft Visual Studio Solution File, Format Version 12.00
# Visual Studio Version 18
VisualStudioVersion = 18.0.11012.119
MinimumVisualStudioVersion = 10.0.40219.1
Project("{2150E333-8FDC-42A3-9474-1A3956D46DE8}") = "Setup", "Setup", "{DC98E363-87E9-48CD-9C7A-A7BDEC8D73E1}"
EndProject
Project("{2150E333-8FDC-42A3-9474-1A3956D46DE8}") = "UnitTest", "UnitTest", "{88999FFC-3B3E-4F71-ACA9-3150143FBC06}"
EndProject
Project("{2150E333-8FDC-42A3-9474-1A3956D46DE8}") = "Library", "Library", "{7D3C5014-EC8B-4247-9C3C-D5EEF7BB68A0}"
EndProject
Project("{9A19103F-16F7-4668-BE54-9A1E7A4F7556}") = "CsvTools.ClassLibraryCSV.UnitTest", "UnitTest\ClassLibraryCSVUnitTest\CsvTools.ClassLibraryCSV.UnitTest.csproj", "{333C01D0-3A86-451A-AB26-73C395F83600}"
EndProject
Project("{9A19103F-16F7-4668-BE54-9A1E7A4F7556}") = "CSVQuickViewer.UnitTest", "UnitTest\CSVQuickViewerUnitTest\CSVQuickViewer.UnitTest.csproj", "{5D00F9EC-31D2-4F4E-8D05-F98FD36915A9}"
EndProject
Project("{9A19103F-16F7-4668-BE54-9A1E7A4F7556}") = "CsvTools.WinFormControlsLibrary.UnitTest", "UnitTest\WinFormControlsUnitTest\CsvTools.WinFormControlsLibrary.UnitTest.csproj", "{AA7178C8-C46D-47EC-A589-EF21141C7F1F}"
EndProject
Project("{9A19103F-16F7-4668-BE54-9A1E7A4F7556}") = "CsvTools.ClassLibraryCSV", "Library\ClassLibraryCSV\CsvTools.ClassLibraryCSV.csproj", "{45743EE3-F753-42FC-A721-99CCB44B8A7A}"
EndProject
Project("{9A19103F-16F7-4668-BE54-9A1E7A4F7556}") = "CsvTools.WinFormControlsLibrary", "Library\WinFormControls\CsvTools.WinFormControlsLibrary.csproj", "{B0E0095C-2E55-4067-8444-C88213B98F37}"
EndProject
Project("{9A19103F-16F7-4668-BE54-9A1E7A4F7556}") = "CSVQuickViewer", "Application\CSVQuickViewer.csproj", "{C07F9282-7816-4B22-8B1E-F7AA0812ED67}"
EndProject
Project("{2150E333-8FDC-42A3-9474-1A3956D46DE8}") = "UnitTest", "UnitTest", "{5B4CEAEF-43AD-4AF5-BE87-620C14444CA8}"
EndProject
Project("{2150E333-8FDC-42A3-9474-1A3956D46DE8}") = "Executable", "Executable", "{EEAB9498-ACFF-4554-BD0D-B50B774DD847}"
EndProject
Project("{FAE04EC0-301F-11D3-BF4B-00C04F79EFBC}") = "InnoSetupFramework", "Setup\InnoSetupFramework\InnoSetupFramework.csproj", "{56C440C9-3DC0-41CC-BFEC-12A3BA3A6182}"
	ProjectSection(ProjectDependencies) = postProject
		{45743EE3-F753-42FC-A721-99CCB44B8A7A} = {45743EE3-F753-42FC-A721-99CCB44B8A7A}
		{B0E0095C-2E55-4067-8444-C88213B98F37} = {B0E0095C-2E55-4067-8444-C88213B98F37}
		{C07F9282-7816-4B22-8B1E-F7AA0812ED67} = {C07F9282-7816-4B22-8B1E-F7AA0812ED67}
	EndProjectSection
EndProject
Project("{FAE04EC0-301F-11D3-BF4B-00C04F79EFBC}") = "InnoSetupStandard", "Setup\InnoSetupStandard\InnoSetupStandard.csproj", "{932FE2B6-F0E7-40B4-8785-950E38FE3F2F}"
	ProjectSection(ProjectDependencies) = postProject
		{45743EE3-F753-42FC-A721-99CCB44B8A7A} = {45743EE3-F753-42FC-A721-99CCB44B8A7A}
		{B0E0095C-2E55-4067-8444-C88213B98F37} = {B0E0095C-2E55-4067-8444-C88213B98F37}
		{C07F9282-7816-4B22-8B1E-F7AA0812ED67} = {C07F9282-7816-4B22-8B1E-F7AA0812ED67}
	EndProjectSection
EndProject
Project("{2150E333-8FDC-42A3-9474-1A3956D46DE8}") = "Solution Items", "Solution Items", "{F33DF6DD-EC4C-4288-820E-FD552390B435}"
	ProjectSection(SolutionItems) = preProject
		CONTRIBUTING.md = CONTRIBUTING.md
		fccconfig.json = fccconfig.json
		README.md = README.md
		sgKey.snk = sgKey.snk
	EndProjectSection
EndProject
Global
	GlobalSection(SolutionConfigurationPlatforms) = preSolution
		Debug|Any CPU = Debug|Any CPU
		Debug|ARM = Debug|ARM
		Debug|ARM64 = Debug|ARM64
		Debug|iPhone = Debug|iPhone
		Debug|iPhoneSimulator = Debug|iPhoneSimulator
		Debug|x64 = Debug|x64
		Debug|x86 = Debug|x86
		Release|Any CPU = Release|Any CPU
		Release|ARM = Release|ARM
		Release|ARM64 = Release|ARM64
		Release|iPhone = Release|iPhone
		Release|iPhoneSimulator = Release|iPhoneSimulator
		Release|x64 = Release|x64
		Release|x86 = Release|x86
	EndGlobalSection
	GlobalSection(ProjectConfigurationPlatforms) = postSolution
		{333C01D0-3A86-451A-AB26-73C395F83600}.Debug|Any CPU.ActiveCfg = Debug|Any CPU
		{333C01D0-3A86-451A-AB26-73C395F83600}.Debug|Any CPU.Build.0 = Debug|Any CPU
		{333C01D0-3A86-451A-AB26-73C395F83600}.Debug|ARM.ActiveCfg = Debug|Any CPU
		{333C01D0-3A86-451A-AB26-73C395F83600}.Debug|ARM.Build.0 = Debug|Any CPU
		{333C01D0-3A86-451A-AB26-73C395F83600}.Debug|ARM64.ActiveCfg = Debug|Any CPU
		{333C01D0-3A86-451A-AB26-73C395F83600}.Debug|ARM64.Build.0 = Debug|Any CPU
		{333C01D0-3A86-451A-AB26-73C395F83600}.Debug|iPhone.ActiveCfg = Debug|Any CPU
		{333C01D0-3A86-451A-AB26-73C395F83600}.Debug|iPhone.Build.0 = Debug|Any CPU
		{333C01D0-3A86-451A-AB26-73C395F83600}.Debug|iPhoneSimulator.ActiveCfg = Debug|Any CPU
		{333C01D0-3A86-451A-AB26-73C395F83600}.Debug|iPhoneSimulator.Build.0 = Debug|Any CPU
		{333C01D0-3A86-451A-AB26-73C395F83600}.Debug|x64.ActiveCfg = Debug|Any CPU
		{333C01D0-3A86-451A-AB26-73C395F83600}.Debug|x64.Build.0 = Debug|Any CPU
		{333C01D0-3A86-451A-AB26-73C395F83600}.Debug|x86.ActiveCfg = Debug|Any CPU
		{333C01D0-3A86-451A-AB26-73C395F83600}.Debug|x86.Build.0 = Debug|Any CPU
		{333C01D0-3A86-451A-AB26-73C395F83600}.Release|Any CPU.ActiveCfg = Release|Any CPU
		{333C01D0-3A86-451A-AB26-73C395F83600}.Release|Any CPU.Build.0 = Release|Any CPU
		{333C01D0-3A86-451A-AB26-73C395F83600}.Release|ARM.ActiveCfg = Release|Any CPU
		{333C01D0-3A86-451A-AB26-73C395F83600}.Release|ARM.Build.0 = Release|Any CPU
		{333C01D0-3A86-451A-AB26-73C395F83600}.Release|ARM64.ActiveCfg = Release|Any CPU
		{333C01D0-3A86-451A-AB26-73C395F83600}.Release|ARM64.Build.0 = Release|Any CPU
		{333C01D0-3A86-451A-AB26-73C395F83600}.Release|iPhone.ActiveCfg = Release|Any CPU
		{333C01D0-3A86-451A-AB26-73C395F83600}.Release|iPhone.Build.0 = Release|Any CPU
		{333C01D0-3A86-451A-AB26-73C395F83600}.Release|iPhoneSimulator.ActiveCfg = Release|Any CPU
		{333C01D0-3A86-451A-AB26-73C395F83600}.Release|iPhoneSimulator.Build.0 = Release|Any CPU
		{333C01D0-3A86-451A-AB26-73C395F83600}.Release|x64.ActiveCfg = Release|Any CPU
		{333C01D0-3A86-451A-AB26-73C395F83600}.Release|x64.Build.0 = Release|Any CPU
		{333C01D0-3A86-451A-AB26-73C395F83600}.Release|x86.ActiveCfg = Release|Any CPU
		{333C01D0-3A86-451A-AB26-73C395F83600}.Release|x86.Build.0 = Release|Any CPU
		{5D00F9EC-31D2-4F4E-8D05-F98FD36915A9}.Debug|Any CPU.ActiveCfg = Debug|Any CPU
		{5D00F9EC-31D2-4F4E-8D05-F98FD36915A9}.Debug|Any CPU.Build.0 = Debug|Any CPU
		{5D00F9EC-31D2-4F4E-8D05-F98FD36915A9}.Debug|ARM.ActiveCfg = Debug|Any CPU
		{5D00F9EC-31D2-4F4E-8D05-F98FD36915A9}.Debug|ARM.Build.0 = Debug|Any CPU
		{5D00F9EC-31D2-4F4E-8D05-F98FD36915A9}.Debug|ARM64.ActiveCfg = Debug|Any CPU
		{5D00F9EC-31D2-4F4E-8D05-F98FD36915A9}.Debug|ARM64.Build.0 = Debug|Any CPU
		{5D00F9EC-31D2-4F4E-8D05-F98FD36915A9}.Debug|iPhone.ActiveCfg = Debug|Any CPU
		{5D00F9EC-31D2-4F4E-8D05-F98FD36915A9}.Debug|iPhone.Build.0 = Debug|Any CPU
		{5D00F9EC-31D2-4F4E-8D05-F98FD36915A9}.Debug|iPhoneSimulator.ActiveCfg = Debug|Any CPU
		{5D00F9EC-31D2-4F4E-8D05-F98FD36915A9}.Debug|iPhoneSimulator.Build.0 = Debug|Any CPU
		{5D00F9EC-31D2-4F4E-8D05-F98FD36915A9}.Debug|x64.ActiveCfg = Debug|Any CPU
		{5D00F9EC-31D2-4F4E-8D05-F98FD36915A9}.Debug|x64.Build.0 = Debug|Any CPU
		{5D00F9EC-31D2-4F4E-8D05-F98FD36915A9}.Debug|x86.ActiveCfg = Debug|Any CPU
		{5D00F9EC-31D2-4F4E-8D05-F98FD36915A9}.Debug|x86.Build.0 = Debug|Any CPU
		{5D00F9EC-31D2-4F4E-8D05-F98FD36915A9}.Release|Any CPU.ActiveCfg = Release|Any CPU
		{5D00F9EC-31D2-4F4E-8D05-F98FD36915A9}.Release|Any CPU.Build.0 = Release|Any CPU
		{5D00F9EC-31D2-4F4E-8D05-F98FD36915A9}.Release|ARM.ActiveCfg = Release|Any CPU
		{5D00F9EC-31D2-4F4E-8D05-F98FD36915A9}.Release|ARM.Build.0 = Release|Any CPU
		{5D00F9EC-31D2-4F4E-8D05-F98FD36915A9}.Release|ARM64.ActiveCfg = Release|Any CPU
		{5D00F9EC-31D2-4F4E-8D05-F98FD36915A9}.Release|ARM64.Build.0 = Release|Any CPU
		{5D00F9EC-31D2-4F4E-8D05-F98FD36915A9}.Release|iPhone.ActiveCfg = Release|Any CPU
		{5D00F9EC-31D2-4F4E-8D05-F98FD36915A9}.Release|iPhone.Build.0 = Release|Any CPU
		{5D00F9EC-31D2-4F4E-8D05-F98FD36915A9}.Release|iPhoneSimulator.ActiveCfg = Release|Any CPU
		{5D00F9EC-31D2-4F4E-8D05-F98FD36915A9}.Release|iPhoneSimulator.Build.0 = Release|Any CPU
		{5D00F9EC-31D2-4F4E-8D05-F98FD36915A9}.Release|x64.ActiveCfg = Release|Any CPU
		{5D00F9EC-31D2-4F4E-8D05-F98FD36915A9}.Release|x64.Build.0 = Release|Any CPU
		{5D00F9EC-31D2-4F4E-8D05-F98FD36915A9}.Release|x86.ActiveCfg = Release|Any CPU
		{5D00F9EC-31D2-4F4E-8D05-F98FD36915A9}.Release|x86.Build.0 = Release|Any CPU
		{AA7178C8-C46D-47EC-A589-EF21141C7F1F}.Debug|Any CPU.ActiveCfg = Debug|Any CPU
		{AA7178C8-C46D-47EC-A589-EF21141C7F1F}.Debug|Any CPU.Build.0 = Debug|Any CPU
		{AA7178C8-C46D-47EC-A589-EF21141C7F1F}.Debug|ARM.ActiveCfg = Debug|Any CPU
		{AA7178C8-C46D-47EC-A589-EF21141C7F1F}.Debug|ARM.Build.0 = Debug|Any CPU
		{AA7178C8-C46D-47EC-A589-EF21141C7F1F}.Debug|ARM64.ActiveCfg = Debug|Any CPU
		{AA7178C8-C46D-47EC-A589-EF21141C7F1F}.Debug|ARM64.Build.0 = Debug|Any CPU
		{AA7178C8-C46D-47EC-A589-EF21141C7F1F}.Debug|iPhone.ActiveCfg = Debug|Any CPU
		{AA7178C8-C46D-47EC-A589-EF21141C7F1F}.Debug|iPhone.Build.0 = Debug|Any CPU
		{AA7178C8-C46D-47EC-A589-EF21141C7F1F}.Debug|iPhoneSimulator.ActiveCfg = Debug|Any CPU
		{AA7178C8-C46D-47EC-A589-EF21141C7F1F}.Debug|iPhoneSimulator.Build.0 = Debug|Any CPU
		{AA7178C8-C46D-47EC-A589-EF21141C7F1F}.Debug|x64.ActiveCfg = Debug|Any CPU
		{AA7178C8-C46D-47EC-A589-EF21141C7F1F}.Debug|x64.Build.0 = Debug|Any CPU
		{AA7178C8-C46D-47EC-A589-EF21141C7F1F}.Debug|x86.ActiveCfg = Debug|Any CPU
		{AA7178C8-C46D-47EC-A589-EF21141C7F1F}.Debug|x86.Build.0 = Debug|Any CPU
		{AA7178C8-C46D-47EC-A589-EF21141C7F1F}.Release|Any CPU.ActiveCfg = Release|Any CPU
		{AA7178C8-C46D-47EC-A589-EF21141C7F1F}.Release|Any CPU.Build.0 = Release|Any CPU
		{AA7178C8-C46D-47EC-A589-EF21141C7F1F}.Release|ARM.ActiveCfg = Release|Any CPU
		{AA7178C8-C46D-47EC-A589-EF21141C7F1F}.Release|ARM.Build.0 = Release|Any CPU
		{AA7178C8-C46D-47EC-A589-EF21141C7F1F}.Release|ARM64.ActiveCfg = Release|Any CPU
		{AA7178C8-C46D-47EC-A589-EF21141C7F1F}.Release|ARM64.Build.0 = Release|Any CPU
		{AA7178C8-C46D-47EC-A589-EF21141C7F1F}.Release|iPhone.ActiveCfg = Release|Any CPU
		{AA7178C8-C46D-47EC-A589-EF21141C7F1F}.Release|iPhone.Build.0 = Release|Any CPU
		{AA7178C8-C46D-47EC-A589-EF21141C7F1F}.Release|iPhoneSimulator.ActiveCfg = Release|Any CPU
		{AA7178C8-C46D-47EC-A589-EF21141C7F1F}.Release|iPhoneSimulator.Build.0 = Release|Any CPU
		{AA7178C8-C46D-47EC-A589-EF21141C7F1F}.Release|x64.ActiveCfg = Release|Any CPU
		{AA7178C8-C46D-47EC-A589-EF21141C7F1F}.Release|x64.Build.0 = Release|Any CPU
		{AA7178C8-C46D-47EC-A589-EF21141C7F1F}.Release|x86.ActiveCfg = Release|Any CPU
		{AA7178C8-C46D-47EC-A589-EF21141C7F1F}.Release|x86.Build.0 = Release|Any CPU
		{45743EE3-F753-42FC-A721-99CCB44B8A7A}.Debug|Any CPU.ActiveCfg = Debug|Any CPU
		{45743EE3-F753-42FC-A721-99CCB44B8A7A}.Debug|Any CPU.Build.0 = Debug|Any CPU
		{45743EE3-F753-42FC-A721-99CCB44B8A7A}.Debug|ARM.ActiveCfg = Debug|Any CPU
		{45743EE3-F753-42FC-A721-99CCB44B8A7A}.Debug|ARM.Build.0 = Debug|Any CPU
		{45743EE3-F753-42FC-A721-99CCB44B8A7A}.Debug|ARM64.ActiveCfg = Debug|Any CPU
		{45743EE3-F753-42FC-A721-99CCB44B8A7A}.Debug|ARM64.Build.0 = Debug|Any CPU
		{45743EE3-F753-42FC-A721-99CCB44B8A7A}.Debug|iPhone.ActiveCfg = Debug|Any CPU
		{45743EE3-F753-42FC-A721-99CCB44B8A7A}.Debug|iPhone.Build.0 = Debug|Any CPU
		{45743EE3-F753-42FC-A721-99CCB44B8A7A}.Debug|iPhoneSimulator.ActiveCfg = Debug|Any CPU
		{45743EE3-F753-42FC-A721-99CCB44B8A7A}.Debug|iPhoneSimulator.Build.0 = Debug|Any CPU
		{45743EE3-F753-42FC-A721-99CCB44B8A7A}.Debug|x64.ActiveCfg = Debug|Any CPU
		{45743EE3-F753-42FC-A721-99CCB44B8A7A}.Debug|x64.Build.0 = Debug|Any CPU
		{45743EE3-F753-42FC-A721-99CCB44B8A7A}.Debug|x86.ActiveCfg = Debug|Any CPU
		{45743EE3-F753-42FC-A721-99CCB44B8A7A}.Debug|x86.Build.0 = Debug|Any CPU
		{45743EE3-F753-42FC-A721-99CCB44B8A7A}.Release|Any CPU.ActiveCfg = Release|Any CPU
		{45743EE3-F753-42FC-A721-99CCB44B8A7A}.Release|Any CPU.Build.0 = Release|Any CPU
		{45743EE3-F753-42FC-A721-99CCB44B8A7A}.Release|ARM.ActiveCfg = Release|Any CPU
		{45743EE3-F753-42FC-A721-99CCB44B8A7A}.Release|ARM.Build.0 = Release|Any CPU
		{45743EE3-F753-42FC-A721-99CCB44B8A7A}.Release|ARM64.ActiveCfg = Release|Any CPU
		{45743EE3-F753-42FC-A721-99CCB44B8A7A}.Release|ARM64.Build.0 = Release|Any CPU
		{45743EE3-F753-42FC-A721-99CCB44B8A7A}.Release|iPhone.ActiveCfg = Release|Any CPU
		{45743EE3-F753-42FC-A721-99CCB44B8A7A}.Release|iPhone.Build.0 = Release|Any CPU
		{45743EE3-F753-42FC-A721-99CCB44B8A7A}.Release|iPhoneSimulator.ActiveCfg = Release|Any CPU
		{45743EE3-F753-42FC-A721-99CCB44B8A7A}.Release|iPhoneSimulator.Build.0 = Release|Any CPU
		{45743EE3-F753-42FC-A721-99CCB44B8A7A}.Release|x64.ActiveCfg = Release|Any CPU
		{45743EE3-F753-42FC-A721-99CCB44B8A7A}.Release|x64.Build.0 = Release|Any CPU
		{45743EE3-F753-42FC-A721-99CCB44B8A7A}.Release|x86.ActiveCfg = Release|Any CPU
		{45743EE3-F753-42FC-A721-99CCB44B8A7A}.Release|x86.Build.0 = Release|Any CPU
		{B0E0095C-2E55-4067-8444-C88213B98F37}.Debug|Any CPU.ActiveCfg = Debug|Any CPU
		{B0E0095C-2E55-4067-8444-C88213B98F37}.Debug|Any CPU.Build.0 = Debug|Any CPU
		{B0E0095C-2E55-4067-8444-C88213B98F37}.Debug|ARM.ActiveCfg = Debug|Any CPU
		{B0E0095C-2E55-4067-8444-C88213B98F37}.Debug|ARM.Build.0 = Debug|Any CPU
		{B0E0095C-2E55-4067-8444-C88213B98F37}.Debug|ARM64.ActiveCfg = Debug|Any CPU
		{B0E0095C-2E55-4067-8444-C88213B98F37}.Debug|ARM64.Build.0 = Debug|Any CPU
		{B0E0095C-2E55-4067-8444-C88213B98F37}.Debug|iPhone.ActiveCfg = Debug|Any CPU
		{B0E0095C-2E55-4067-8444-C88213B98F37}.Debug|iPhone.Build.0 = Debug|Any CPU
		{B0E0095C-2E55-4067-8444-C88213B98F37}.Debug|iPhoneSimulator.ActiveCfg = Debug|Any CPU
		{B0E0095C-2E55-4067-8444-C88213B98F37}.Debug|iPhoneSimulator.Build.0 = Debug|Any CPU
		{B0E0095C-2E55-4067-8444-C88213B98F37}.Debug|x64.ActiveCfg = Debug|Any CPU
		{B0E0095C-2E55-4067-8444-C88213B98F37}.Debug|x64.Build.0 = Debug|Any CPU
		{B0E0095C-2E55-4067-8444-C88213B98F37}.Debug|x86.ActiveCfg = Debug|Any CPU
		{B0E0095C-2E55-4067-8444-C88213B98F37}.Debug|x86.Build.0 = Debug|Any CPU
		{B0E0095C-2E55-4067-8444-C88213B98F37}.Release|Any CPU.ActiveCfg = Release|Any CPU
		{B0E0095C-2E55-4067-8444-C88213B98F37}.Release|Any CPU.Build.0 = Release|Any CPU
		{B0E0095C-2E55-4067-8444-C88213B98F37}.Release|ARM.ActiveCfg = Release|Any CPU
		{B0E0095C-2E55-4067-8444-C88213B98F37}.Release|ARM.Build.0 = Release|Any CPU
		{B0E0095C-2E55-4067-8444-C88213B98F37}.Release|ARM64.ActiveCfg = Release|Any CPU
		{B0E0095C-2E55-4067-8444-C88213B98F37}.Release|ARM64.Build.0 = Release|Any CPU
		{B0E0095C-2E55-4067-8444-C88213B98F37}.Release|iPhone.ActiveCfg = Release|Any CPU
		{B0E0095C-2E55-4067-8444-C88213B98F37}.Release|iPhone.Build.0 = Release|Any CPU
		{B0E0095C-2E55-4067-8444-C88213B98F37}.Release|iPhoneSimulator.ActiveCfg = Release|Any CPU
		{B0E0095C-2E55-4067-8444-C88213B98F37}.Release|iPhoneSimulator.Build.0 = Release|Any CPU
		{B0E0095C-2E55-4067-8444-C88213B98F37}.Release|x64.ActiveCfg = Release|Any CPU
		{B0E0095C-2E55-4067-8444-C88213B98F37}.Release|x64.Build.0 = Release|Any CPU
		{B0E0095C-2E55-4067-8444-C88213B98F37}.Release|x86.ActiveCfg = Release|Any CPU
		{B0E0095C-2E55-4067-8444-C88213B98F37}.Release|x86.Build.0 = Release|Any CPU
		{C07F9282-7816-4B22-8B1E-F7AA0812ED67}.Debug|Any CPU.ActiveCfg = Debug|Any CPU
		{C07F9282-7816-4B22-8B1E-F7AA0812ED67}.Debug|Any CPU.Build.0 = Debug|Any CPU
		{C07F9282-7816-4B22-8B1E-F7AA0812ED67}.Debug|ARM.ActiveCfg = Debug|Any CPU
		{C07F9282-7816-4B22-8B1E-F7AA0812ED67}.Debug|ARM.Build.0 = Debug|Any CPU
		{C07F9282-7816-4B22-8B1E-F7AA0812ED67}.Debug|ARM64.ActiveCfg = Debug|Any CPU
		{C07F9282-7816-4B22-8B1E-F7AA0812ED67}.Debug|ARM64.Build.0 = Debug|Any CPU
		{C07F9282-7816-4B22-8B1E-F7AA0812ED67}.Debug|iPhone.ActiveCfg = Debug|Any CPU
		{C07F9282-7816-4B22-8B1E-F7AA0812ED67}.Debug|iPhone.Build.0 = Debug|Any CPU
		{C07F9282-7816-4B22-8B1E-F7AA0812ED67}.Debug|iPhoneSimulator.ActiveCfg = Debug|Any CPU
		{C07F9282-7816-4B22-8B1E-F7AA0812ED67}.Debug|iPhoneSimulator.Build.0 = Debug|Any CPU
		{C07F9282-7816-4B22-8B1E-F7AA0812ED67}.Debug|x64.ActiveCfg = Debug|Any CPU
		{C07F9282-7816-4B22-8B1E-F7AA0812ED67}.Debug|x64.Build.0 = Debug|Any CPU
		{C07F9282-7816-4B22-8B1E-F7AA0812ED67}.Debug|x86.ActiveCfg = Debug|Any CPU
		{C07F9282-7816-4B22-8B1E-F7AA0812ED67}.Debug|x86.Build.0 = Debug|Any CPU
		{C07F9282-7816-4B22-8B1E-F7AA0812ED67}.Release|Any CPU.ActiveCfg = Release|Any CPU
		{C07F9282-7816-4B22-8B1E-F7AA0812ED67}.Release|Any CPU.Build.0 = Release|Any CPU
		{C07F9282-7816-4B22-8B1E-F7AA0812ED67}.Release|ARM.ActiveCfg = Release|Any CPU
		{C07F9282-7816-4B22-8B1E-F7AA0812ED67}.Release|ARM.Build.0 = Release|Any CPU
		{C07F9282-7816-4B22-8B1E-F7AA0812ED67}.Release|ARM64.ActiveCfg = Release|Any CPU
		{C07F9282-7816-4B22-8B1E-F7AA0812ED67}.Release|ARM64.Build.0 = Release|Any CPU
		{C07F9282-7816-4B22-8B1E-F7AA0812ED67}.Release|iPhone.ActiveCfg = Release|Any CPU
		{C07F9282-7816-4B22-8B1E-F7AA0812ED67}.Release|iPhone.Build.0 = Release|Any CPU
		{C07F9282-7816-4B22-8B1E-F7AA0812ED67}.Release|iPhoneSimulator.ActiveCfg = Release|Any CPU
		{C07F9282-7816-4B22-8B1E-F7AA0812ED67}.Release|iPhoneSimulator.Build.0 = Release|Any CPU
		{C07F9282-7816-4B22-8B1E-F7AA0812ED67}.Release|x64.ActiveCfg = Release|Any CPU
		{C07F9282-7816-4B22-8B1E-F7AA0812ED67}.Release|x64.Build.0 = Release|Any CPU
		{C07F9282-7816-4B22-8B1E-F7AA0812ED67}.Release|x86.ActiveCfg = Release|Any CPU
		{C07F9282-7816-4B22-8B1E-F7AA0812ED67}.Release|x86.Build.0 = Release|Any CPU
		{56C440C9-3DC0-41CC-BFEC-12A3BA3A6182}.Debug|Any CPU.ActiveCfg = Debug|Any CPU
		{56C440C9-3DC0-41CC-BFEC-12A3BA3A6182}.Debug|ARM.ActiveCfg = Debug|Any CPU
		{56C440C9-3DC0-41CC-BFEC-12A3BA3A6182}.Debug|ARM.Build.0 = Debug|Any CPU
		{56C440C9-3DC0-41CC-BFEC-12A3BA3A6182}.Debug|ARM64.ActiveCfg = Debug|Any CPU
		{56C440C9-3DC0-41CC-BFEC-12A3BA3A6182}.Debug|ARM64.Build.0 = Debug|Any CPU
		{56C440C9-3DC0-41CC-BFEC-12A3BA3A6182}.Debug|iPhone.ActiveCfg = Debug|Any CPU
		{56C440C9-3DC0-41CC-BFEC-12A3BA3A6182}.Debug|iPhone.Build.0 = Debug|Any CPU
		{56C440C9-3DC0-41CC-BFEC-12A3BA3A6182}.Debug|iPhoneSimulator.ActiveCfg = Debug|Any CPU
		{56C440C9-3DC0-41CC-BFEC-12A3BA3A6182}.Debug|iPhoneSimulator.Build.0 = Debug|Any CPU
		{56C440C9-3DC0-41CC-BFEC-12A3BA3A6182}.Debug|x64.ActiveCfg = Debug|Any CPU
		{56C440C9-3DC0-41CC-BFEC-12A3BA3A6182}.Debug|x64.Build.0 = Debug|Any CPU
		{56C440C9-3DC0-41CC-BFEC-12A3BA3A6182}.Debug|x86.ActiveCfg = Debug|Any CPU
		{56C440C9-3DC0-41CC-BFEC-12A3BA3A6182}.Debug|x86.Build.0 = Debug|Any CPU
		{56C440C9-3DC0-41CC-BFEC-12A3BA3A6182}.Release|Any CPU.ActiveCfg = Release|Any CPU
		{56C440C9-3DC0-41CC-BFEC-12A3BA3A6182}.Release|Any CPU.Build.0 = Release|Any CPU
		{56C440C9-3DC0-41CC-BFEC-12A3BA3A6182}.Release|ARM.ActiveCfg = Release|Any CPU
		{56C440C9-3DC0-41CC-BFEC-12A3BA3A6182}.Release|ARM.Build.0 = Release|Any CPU
		{56C440C9-3DC0-41CC-BFEC-12A3BA3A6182}.Release|ARM64.ActiveCfg = Release|Any CPU
		{56C440C9-3DC0-41CC-BFEC-12A3BA3A6182}.Release|ARM64.Build.0 = Release|Any CPU
		{56C440C9-3DC0-41CC-BFEC-12A3BA3A6182}.Release|iPhone.ActiveCfg = Release|Any CPU
		{56C440C9-3DC0-41CC-BFEC-12A3BA3A6182}.Release|iPhone.Build.0 = Release|Any CPU
		{56C440C9-3DC0-41CC-BFEC-12A3BA3A6182}.Release|iPhoneSimulator.ActiveCfg = Release|Any CPU
		{56C440C9-3DC0-41CC-BFEC-12A3BA3A6182}.Release|iPhoneSimulator.Build.0 = Release|Any CPU
		{56C440C9-3DC0-41CC-BFEC-12A3BA3A6182}.Release|x64.ActiveCfg = Release|Any CPU
		{56C440C9-3DC0-41CC-BFEC-12A3BA3A6182}.Release|x64.Build.0 = Release|Any CPU
		{56C440C9-3DC0-41CC-BFEC-12A3BA3A6182}.Release|x86.ActiveCfg = Release|Any CPU
		{56C440C9-3DC0-41CC-BFEC-12A3BA3A6182}.Release|x86.Build.0 = Release|Any CPU
		{932FE2B6-F0E7-40B4-8785-950E38FE3F2F}.Debug|Any CPU.ActiveCfg = Debug|Any CPU
		{932FE2B6-F0E7-40B4-8785-950E38FE3F2F}.Debug|ARM.ActiveCfg = Debug|Any CPU
		{932FE2B6-F0E7-40B4-8785-950E38FE3F2F}.Debug|ARM.Build.0 = Debug|Any CPU
		{932FE2B6-F0E7-40B4-8785-950E38FE3F2F}.Debug|ARM64.ActiveCfg = Debug|Any CPU
		{932FE2B6-F0E7-40B4-8785-950E38FE3F2F}.Debug|ARM64.Build.0 = Debug|Any CPU
		{932FE2B6-F0E7-40B4-8785-950E38FE3F2F}.Debug|iPhone.ActiveCfg = Debug|Any CPU
		{932FE2B6-F0E7-40B4-8785-950E38FE3F2F}.Debug|iPhone.Build.0 = Debug|Any CPU
		{932FE2B6-F0E7-40B4-8785-950E38FE3F2F}.Debug|iPhoneSimulator.ActiveCfg = Debug|Any CPU
		{932FE2B6-F0E7-40B4-8785-950E38FE3F2F}.Debug|iPhoneSimulator.Build.0 = Debug|Any CPU
		{932FE2B6-F0E7-40B4-8785-950E38FE3F2F}.Debug|x64.ActiveCfg = Debug|Any CPU
		{932FE2B6-F0E7-40B4-8785-950E38FE3F2F}.Debug|x64.Build.0 = Debug|Any CPU
		{932FE2B6-F0E7-40B4-8785-950E38FE3F2F}.Debug|x86.ActiveCfg = Debug|Any CPU
		{932FE2B6-F0E7-40B4-8785-950E38FE3F2F}.Debug|x86.Build.0 = Debug|Any CPU
		{932FE2B6-F0E7-40B4-8785-950E38FE3F2F}.Release|Any CPU.ActiveCfg = Release|Any CPU
		{932FE2B6-F0E7-40B4-8785-950E38FE3F2F}.Release|Any CPU.Build.0 = Release|Any CPU
		{932FE2B6-F0E7-40B4-8785-950E38FE3F2F}.Release|ARM.ActiveCfg = Release|Any CPU
		{932FE2B6-F0E7-40B4-8785-950E38FE3F2F}.Release|ARM.Build.0 = Release|Any CPU
		{932FE2B6-F0E7-40B4-8785-950E38FE3F2F}.Release|ARM64.ActiveCfg = Release|Any CPU
		{932FE2B6-F0E7-40B4-8785-950E38FE3F2F}.Release|ARM64.Build.0 = Release|Any CPU
		{932FE2B6-F0E7-40B4-8785-950E38FE3F2F}.Release|iPhone.ActiveCfg = Release|Any CPU
		{932FE2B6-F0E7-40B4-8785-950E38FE3F2F}.Release|iPhone.Build.0 = Release|Any CPU
		{932FE2B6-F0E7-40B4-8785-950E38FE3F2F}.Release|iPhoneSimulator.ActiveCfg = Release|Any CPU
		{932FE2B6-F0E7-40B4-8785-950E38FE3F2F}.Release|iPhoneSimulator.Build.0 = Release|Any CPU
		{932FE2B6-F0E7-40B4-8785-950E38FE3F2F}.Release|x64.ActiveCfg = Release|Any CPU
		{932FE2B6-F0E7-40B4-8785-950E38FE3F2F}.Release|x64.Build.0 = Release|Any CPU
		{932FE2B6-F0E7-40B4-8785-950E38FE3F2F}.Release|x86.ActiveCfg = Release|Any CPU
		{932FE2B6-F0E7-40B4-8785-950E38FE3F2F}.Release|x86.Build.0 = Release|Any CPU
	EndGlobalSection
	GlobalSection(SolutionProperties) = preSolution
		HideSolutionNode = FALSE
	EndGlobalSection
	GlobalSection(NestedProjects) = preSolution
		{DC98E363-87E9-48CD-9C7A-A7BDEC8D73E1} = {EEAB9498-ACFF-4554-BD0D-B50B774DD847}
		{88999FFC-3B3E-4F71-ACA9-3150143FBC06} = {7D3C5014-EC8B-4247-9C3C-D5EEF7BB68A0}
		{333C01D0-3A86-451A-AB26-73C395F83600} = {88999FFC-3B3E-4F71-ACA9-3150143FBC06}
		{5D00F9EC-31D2-4F4E-8D05-F98FD36915A9} = {5B4CEAEF-43AD-4AF5-BE87-620C14444CA8}
		{AA7178C8-C46D-47EC-A589-EF21141C7F1F} = {88999FFC-3B3E-4F71-ACA9-3150143FBC06}
		{45743EE3-F753-42FC-A721-99CCB44B8A7A} = {7D3C5014-EC8B-4247-9C3C-D5EEF7BB68A0}
		{B0E0095C-2E55-4067-8444-C88213B98F37} = {7D3C5014-EC8B-4247-9C3C-D5EEF7BB68A0}
		{C07F9282-7816-4B22-8B1E-F7AA0812ED67} = {EEAB9498-ACFF-4554-BD0D-B50B774DD847}
		{5B4CEAEF-43AD-4AF5-BE87-620C14444CA8} = {EEAB9498-ACFF-4554-BD0D-B50B774DD847}
		{56C440C9-3DC0-41CC-BFEC-12A3BA3A6182} = {DC98E363-87E9-48CD-9C7A-A7BDEC8D73E1}
		{932FE2B6-F0E7-40B4-8785-950E38FE3F2F} = {DC98E363-87E9-48CD-9C7A-A7BDEC8D73E1}
	EndGlobalSection
	GlobalSection(ExtensibilityGlobals) = postSolution
		SolutionGuid = {2C6B6E1E-ABD3-49DA-9BE4-DC79F5504CC2}
	EndGlobalSection
	GlobalSection(MonoDevelopProperties) = preSolution
		Policies = $0
		$0.DotNetNamingPolicy = $1
		$0.VersionControlPolicy = $2
		$0.StandardHeader = $3
		$3.Text = @/*\n * Copyright (C) 2014 Raphael Nöldner : http://csvquickviewer.com\n *\n * This program is free software: you can redistribute it and/or modify it under the terms of the GNU Lesser Public\n * License as published by the Free Software Foundation, either version 3 of the License, or (at your option) any later version.\n *\n * This program is distributed in the hope that it will be useful, but WITHOUT ANY WARRANTY; without even the implied warranty\n * of MERCHANTABILITY or FITNESS FOR A PARTICULAR PURPOSE. See the GNU Lesser Public License for more details.\n *\n * You should have received a copy of the GNU Lesser Public License along with this program.\n * If not, see http://www.gnu.org/licenses/ .\n *\n */
		version = 1.4.6.499
	EndGlobalSection
EndGlobal
